// !$*UTF8*$!
{
	archiveVersion = 1;
	classes = {
	};
	objectVersion = 77;
	objects = {

/* Begin PBXBuildFile section */
		05554D711C3F74C7AEBB00CB /* APIClient.swift in Sources */ = {isa = PBXBuildFile; fileRef = F438FC100DE10D7EA2EF6416 /* APIClient.swift */; };
		0881E7EE9556263D0213232A /* GamePhase.swift in Sources */ = {isa = PBXBuildFile; fileRef = 94828426CF60FB58932E318C /* GamePhase.swift */; };
		08FFFDC00953A1BC3B3DDEED /* AppSettingsSheet.swift in Sources */ = {isa = PBXBuildFile; fileRef = 8E7B73810847FA907FA26FD4 /* AppSettingsSheet.swift */; };
		15EEFDA7C68ED77AA46D5986 /* StateDecodingTests.swift in Sources */ = {isa = PBXBuildFile; fileRef = 1E13F34ADD2CBD43D5EA1EB4 /* StateDecodingTests.swift */; };
		16DECEE2859C1DA86B58EFDF /* challenge_active.json in Resources */ = {isa = PBXBuildFile; fileRef = 622716FC89794F75AFD7283A /* challenge_active.json */; };
		17B3E69CDDBB66087B4A5957 /* SurvivorGameApp.swift in Sources */ = {isa = PBXBuildFile; fileRef = 2A32C54564835FB45B79F975 /* SurvivorGameApp.swift */; };
		1B2F52A8781AA797D2EBE8F6 /* CardIdentityTests.swift in Sources */ = {isa = PBXBuildFile; fileRef = 03BBAD4DE85648C219BC0E8F /* CardIdentityTests.swift */; };
		1BBEDBAB7B8AE6904A8C284E /* PlacesBar.swift in Sources */ = {isa = PBXBuildFile; fileRef = CAC481BEA784D2AFDA39347C /* PlacesBar.swift */; };
		1E8DEF4CC0B2EBEB3AC8C0A0 /* RobberyBanner.swift in Sources */ = {isa = PBXBuildFile; fileRef = 40748A310F33C6E1D053D02D /* RobberyBanner.swift */; };
		20698A00EC6EB3802173F29D /* DesignSystemTests.swift in Sources */ = {isa = PBXBuildFile; fileRef = A5396A2E209113CD92EB3A88 /* DesignSystemTests.swift */; };
		20FD14DBF24F808CD34A8737 /* ServerConfigTests.swift in Sources */ = {isa = PBXBuildFile; fileRef = B522208A1F85A5BFA2C8BDA3 /* ServerConfigTests.swift */; };
		236A1DC06A3BD3051FC787B2 /* DiscordLinkSheet.swift in Sources */ = {isa = PBXBuildFile; fileRef = 0C66E49F082FBC958DC7CE70 /* DiscordLinkSheet.swift */; };
		270F3BDFB4C49636A5453C66 /* SurvivorButton.swift in Sources */ = {isa = PBXBuildFile; fileRef = 72B430A3C5CEFF2107CDAE60 /* SurvivorButton.swift */; };
		29FAA0B0EA01182029E97275 /* NetworkingTests.swift in Sources */ = {isa = PBXBuildFile; fileRef = AA53E7581D67D6EF850AEDE4 /* NetworkingTests.swift */; };
		2B479F1D3809B3EB62E06F44 /* CardDefinition.swift in Sources */ = {isa = PBXBuildFile; fileRef = 503E35CDBCFBE25AB9D87771 /* CardDefinition.swift */; };
		2DF321BF796FE6C7E5361888 /* ChallengeScreen.swift in Sources */ = {isa = PBXBuildFile; fileRef = 916EE9262A4CE799AD4AE108 /* ChallengeScreen.swift */; };
		3120A09C199ED66D932E882C /* GameState.swift in Sources */ = {isa = PBXBuildFile; fileRef = DAAEB936E963F73666532373 /* GameState.swift */; };
		3177AF8B866EB61DE708A021 /* PlayerSetupView.swift in Sources */ = {isa = PBXBuildFile; fileRef = 84F96BD40E277FCDEDDA6955 /* PlayerSetupView.swift */; };
		322C1630628F6ED6F828E5A1 /* FinalTribalScreen.swift in Sources */ = {isa = PBXBuildFile; fileRef = 80401B5A14A1EEC4197ADD45 /* FinalTribalScreen.swift */; };
		3312584CA42387F6971DD8A5 /* Assets.xcassets in Resources */ = {isa = PBXBuildFile; fileRef = 4C6C157EA402C9C0508A1015 /* Assets.xcassets */; };
		34B108E89F1AC173438D7A93 /* TribalVoteState.swift in Sources */ = {isa = PBXBuildFile; fileRef = 92456205F3671193A6B2CBB5 /* TribalVoteState.swift */; };
		352A09ECE723366151C7DD04 /* IslandAccessScreen.swift in Sources */ = {isa = PBXBuildFile; fileRef = 0045BA401656BFAA514B6D63 /* IslandAccessScreen.swift */; };
		35E1CF816FEECC7CAC4B7769 /* PenaltyDiscardOverlay.swift in Sources */ = {isa = PBXBuildFile; fileRef = 048F925110028562672B8F57 /* PenaltyDiscardOverlay.swift */; };
		363E486B92D0F8ED41213292 /* PlayingScreen.swift in Sources */ = {isa = PBXBuildFile; fileRef = 4F0C398C7CA94DAB86E5CED0 /* PlayingScreen.swift */; };
		3748CEDB54ECF264ABC4743A /* lobby.json in Resources */ = {isa = PBXBuildFile; fileRef = 9E24B36808ACBE3C8AC5E22A /* lobby.json */; };
		39D455C463754822D13D3097 /* AuthenticationUITests.swift in Sources */ = {isa = PBXBuildFile; fileRef = 19F20928EC681B13D065FE9C /* AuthenticationUITests.swift */; };
		3D7A9908750FD004221479A1 /* ChallengeUITests.swift in Sources */ = {isa = PBXBuildFile; fileRef = F1797EAE3C43C28507E28012 /* ChallengeUITests.swift */; };
		3FB7989815C9A7AFE7F7AF00 /* GameRecord.swift in Sources */ = {isa = PBXBuildFile; fileRef = A6CB5AAE841ACA3F75052A81 /* GameRecord.swift */; };
		41E5F07EB8990425AF7B7EEF /* StartViewModel.swift in Sources */ = {isa = PBXBuildFile; fileRef = 22BCCF6307C9DA7B40DC11FC /* StartViewModel.swift */; };
		43CA90BC5E4FBACEF5B53D48 /* ConnectionBanner.swift in Sources */ = {isa = PBXBuildFile; fileRef = E0D6A9B48AC1F6B010C3DC27 /* ConnectionBanner.swift */; };
		440E22611B7632052C92CAB7 /* NarrationFeed.swift in Sources */ = {isa = PBXBuildFile; fileRef = 49DF7989B4B4253680A999B9 /* NarrationFeed.swift */; };
		44AEA26C4E1C3310E5070CF2 /* AdvantagePlayView.swift in Sources */ = {isa = PBXBuildFile; fileRef = 14E083D4215CD09F2236FE12 /* AdvantagePlayView.swift */; };
		45E753766209CEB20911E795 /* NarrationEvent.swift in Sources */ = {isa = PBXBuildFile; fileRef = 9AC3BEB2F425E67566B01A88 /* NarrationEvent.swift */; };
		470BDC0D64C08772A45A0D41 /* GameHistoryView.swift in Sources */ = {isa = PBXBuildFile; fileRef = A25ADB5FD87C59CD9CAD2CCE /* GameHistoryView.swift */; };
		47C4A976E5F24D754EAD3B0A /* AccessibilityTests.swift in Sources */ = {isa = PBXBuildFile; fileRef = BF71C61DAA3A57852843D2F0 /* AccessibilityTests.swift */; };
		4961C36697A5B34E8EA34135 /* FinalTribalState.swift in Sources */ = {isa = PBXBuildFile; fileRef = 75049F5671D0DF640BE3220F /* FinalTribalState.swift */; };
		4DAC014B2C200FDF5622B453 /* EliminationView.swift in Sources */ = {isa = PBXBuildFile; fileRef = F96BEA35C4151773110A4463 /* EliminationView.swift */; };
		4DE93FA97429463B8E6D3B96 /* PlayerAvatarView.swift in Sources */ = {isa = PBXBuildFile; fileRef = A1F9BD82EEC0E4818C6523F9 /* PlayerAvatarView.swift */; };
		577D9E98A849DA3DFE397FD4 /* TribalScreen.swift in Sources */ = {isa = PBXBuildFile; fileRef = CC5236B756F1E39673589571 /* TribalScreen.swift */; };
		613C911D0175476A406DB6E5 /* VoteRevealView.swift in Sources */ = {isa = PBXBuildFile; fileRef = 5CC4C7FEBB7493F02747CE34 /* VoteRevealView.swift */; };
		61E0CE8C1DEBEE8D2402A0CF /* CardAnimations.swift in Sources */ = {isa = PBXBuildFile; fileRef = 7519B7FA5A92C991D2A06F0B /* CardAnimations.swift */; };
		63FB9311FDCAA0E0EBC3A8CF /* FlameEffects.swift in Sources */ = {isa = PBXBuildFile; fileRef = 57A00B4F7F52DF16D539B5C8 /* FlameEffects.swift */; };
		6588210FEAEEB4108AD7AFC7 /* MockGameClient.swift in Sources */ = {isa = PBXBuildFile; fileRef = EB96FC8285F596A14C699518 /* MockGameClient.swift */; };
		66970C6962DCA3843B7D9FC6 /* VotingView.swift in Sources */ = {isa = PBXBuildFile; fileRef = ACEAA0AF59E6324AA323F21F /* VotingView.swift */; };
		70469E5FCAC802E6B6C1F68D /* QASweepUITests.swift in Sources */ = {isa = PBXBuildFile; fileRef = 8896770D35DF7BAE9B3C2E78 /* QASweepUITests.swift */; };
		727FBFD5CDA13F859F0681A4 /* legacy_no_settings.json in Resources */ = {isa = PBXBuildFile; fileRef = 94C17E55F46E2B7F3ADF0577 /* legacy_no_settings.json */; };
		76E7B99479024C447BD3D6F8 /* StorySoFarDrawer.swift in Sources */ = {isa = PBXBuildFile; fileRef = 9519C8E31DEF13701B9EA272 /* StorySoFarDrawer.swift */; };
		77D28DFEABCEE13A61ED8B86 /* AllianceOverlay.swift in Sources */ = {isa = PBXBuildFile; fileRef = 7CF219A8FEE59F5EDFC210A9 /* AllianceOverlay.swift */; };
		78F742DBD5660E0BC1C74BE4 /* TribalViewModelTests.swift in Sources */ = {isa = PBXBuildFile; fileRef = 40B04ACC0FDBCB92A290B6C4 /* TribalViewModelTests.swift */; };
		796171B19E1C7D9B77015169 /* GameClient.swift in Sources */ = {isa = PBXBuildFile; fileRef = 8FBD5FAB075FC347AA744261 /* GameClient.swift */; };
		79CA9FDE5C2ACFF35DD7DD6A /* ToastView.swift in Sources */ = {isa = PBXBuildFile; fileRef = FC7B695E90A4526E36793462 /* ToastView.swift */; };
		7E6866EED3C5AD6C0C1B1D0C /* playing_midturn.json in Resources */ = {isa = PBXBuildFile; fileRef = 835B2847716E322179470F0C /* playing_midturn.json */; };
		7F51E26189039550DBA6B666 /* ViewModelState.swift in Sources */ = {isa = PBXBuildFile; fileRef = 17367F3603D03F66FA9D0E5E /* ViewModelState.swift */; };
		7F92E4D565697CFBD7131AE2 /* HapticEngine.swift in Sources */ = {isa = PBXBuildFile; fileRef = 68644E98FB21432FA5656F26 /* HapticEngine.swift */; };
		80ADA0F1AF6BB337EAAEEA65 /* UniversalLinkTests.swift in Sources */ = {isa = PBXBuildFile; fileRef = 6738755F6B88B3BC886B0C5F /* UniversalLinkTests.swift */; };
		8165E32A1A1ECE759FE7CF6D /* README.md in Resources */ = {isa = PBXBuildFile; fileRef = 1AE837EA8BBB0B435CEFD146 /* README.md */; };
		831A78BE075BAFEBAE637A73 /* PlayerDetailSheet.swift in Sources */ = {isa = PBXBuildFile; fileRef = 366803CEF79831FE786AE392 /* PlayerDetailSheet.swift */; };
		83EAAFA8BE7FE7FA7797BED6 /* StartScreen.swift in Sources */ = {isa = PBXBuildFile; fileRef = ECE14A68AE3FEDAD4CC62A30 /* StartScreen.swift */; };
		865A288D747422539FEEC10B /* Place.swift in Sources */ = {isa = PBXBuildFile; fileRef = 9991BD5472C15D66FE8E3AC5 /* Place.swift */; };
		8E02DA709040646E6F0D1C2B /* InteractionState.swift in Sources */ = {isa = PBXBuildFile; fileRef = 4AB0990923A310FD9070C0D2 /* InteractionState.swift */; };
		8FA127114072649DF7470C51 /* LobbyViewModel.swift in Sources */ = {isa = PBXBuildFile; fileRef = BD2D04A008F1D6E86F0215A5 /* LobbyViewModel.swift */; };
		90B5801E1E939C0D164CBE91 /* FixtureDecodingTests.swift in Sources */ = {isa = PBXBuildFile; fileRef = 760A57B8F82EA8824DDB71EC /* FixtureDecodingTests.swift */; };
		99B656C30772580AD847E2A3 /* OFL.txt in Resources */ = {isa = PBXBuildFile; fileRef = 9516609CF588473DFB3D6E94 /* OFL.txt */; };
		9AC75944CC05B37E57093136 /* pending_theft_open.json in Resources */ = {isa = PBXBuildFile; fileRef = F68CD7E24847150FF4BBD2BE /* pending_theft_open.json */; };
		9BD8D4B3208CEB5FEC078A00 /* interaction_active.json in Resources */ = {isa = PBXBuildFile; fileRef = 5D3F46EFB9F7ED22BAB45256 /* interaction_active.json */; };
		9C9B02BD119CE0A0AEA9186B /* ConnectionState.swift in Sources */ = {isa = PBXBuildFile; fileRef = C62E87D253D9ED2756DC0392 /* ConnectionState.swift */; };
		9CF23191EE542CBEF5445CF5 /* PrivacyInfo.xcprivacy in Resources */ = {isa = PBXBuildFile; fileRef = D7AD8E0129EF71CD4C25C41D /* PrivacyInfo.xcprivacy */; };
		9F0FB44D1289128C78EF57BE /* tribal_immunity.json in Resources */ = {isa = PBXBuildFile; fileRef = C8F4EFC64C011461248D2CEB /* tribal_immunity.json */; };
		A838EE2CB80C1A2F2C8E5B0C /* InteractionScreen.swift in Sources */ = {isa = PBXBuildFile; fileRef = C30AB7B5618AD538B1000A2F /* InteractionScreen.swift */; };
		A8D88EDDD19265E64E1BF7EC /* tribal_announcement.json in Resources */ = {isa = PBXBuildFile; fileRef = 67AA8AC24FFECFE0859D29D9 /* tribal_announcement.json */; };
		A9337789DFF95D57581E077D /* TorchComponents.swift in Sources */ = {isa = PBXBuildFile; fileRef = 68A766C981BE5C3792457D7D /* TorchComponents.swift */; };
		A9AA72353E33B964C5E35FAB /* TorchAudio.swift in Sources */ = {isa = PBXBuildFile; fileRef = 0DADDCA25868D3BFCF509268 /* TorchAudio.swift */; };
		AC36887BE6C5E1F847FCAE13 /* ReactiveTheftOverlay.swift in Sources */ = {isa = PBXBuildFile; fileRef = EC0C871ED311CFEBC458BD4C /* ReactiveTheftOverlay.swift */; };
		ACDF94813CDD90BB6BBDD29C /* SurvivorTheme.swift in Sources */ = {isa = PBXBuildFile; fileRef = AEBB269476A47CBDDB7B82B2 /* SurvivorTheme.swift */; };
		B1E4E38E15E1EAA91EA2497A /* TurnIndicatorView.swift in Sources */ = {isa = PBXBuildFile; fileRef = 8F89BCE4A1A46E58A64C7516 /* TurnIndicatorView.swift */; };
		B5C7A07069920F180EA34700 /* FinalTribalViewModel.swift in Sources */ = {isa = PBXBuildFile; fileRef = D11B9FE2927CB134124B9342 /* FinalTribalViewModel.swift */; };
		B691CD023C8956BBF3B7D1E6 /* IslandAccessCookieStore.swift in Sources */ = {isa = PBXBuildFile; fileRef = BE7B1E5B136B8F0A1B9A66A9 /* IslandAccessCookieStore.swift */; };
		B84BACD6DBD1285101106F59 /* ChallengeState.swift in Sources */ = {isa = PBXBuildFile; fileRef = 0FA7A3B2A00460C0C68A2255 /* ChallengeState.swift */; };
		B918A86338CDCC406920D84B /* TorchTransitions.swift in Sources */ = {isa = PBXBuildFile; fileRef = 44CC6A2F1EDA6D37EEE5E171 /* TorchTransitions.swift */; };
		BA4BFAD2E4AB100F4000BA48 /* ImmunityView.swift in Sources */ = {isa = PBXBuildFile; fileRef = EEFFF11354FE9CAD6EAE725A /* ImmunityView.swift */; };
		BAC2700472EA489F28B66E93 /* generate_fixtures.py in Resources */ = {isa = PBXBuildFile; fileRef = 7BB75BFC18653A3BCE2AD7D5 /* generate_fixtures.py */; };
		BEB59F9940D82979C9153A2C /* ServerConfig.swift in Sources */ = {isa = PBXBuildFile; fileRef = 9253DFC3E29C1CF800A5BDB8 /* ServerConfig.swift */; };
		C075F08125AF87186C01E9E5 /* Fraunces-Variable.ttf in Resources */ = {isa = PBXBuildFile; fileRef = 77B14D26CBDB75B91E4F38B4 /* Fraunces-Variable.ttf */; };
		C1E2FA6B3951FEDDC7D37147 /* CardHandViewModel.swift in Sources */ = {isa = PBXBuildFile; fileRef = 1517A7372D1302738C30068E /* CardHandViewModel.swift */; };
		C2ECBD539232E1B216A34178 /* PhaseProgressView.swift in Sources */ = {isa = PBXBuildFile; fileRef = 7358AA566FA334CD64594A21 /* PhaseProgressView.swift */; };
		C576C0F88C387E636B7C4F7B /* LobbyScreen.swift in Sources */ = {isa = PBXBuildFile; fileRef = 083E4829752E7D45735E2195 /* LobbyScreen.swift */; };
		C6BEA86E114D8E10106204D6 /* tribal_voting.json in Resources */ = {isa = PBXBuildFile; fileRef = 5618ECF801683DD6C8DBA6BE /* tribal_voting.json */; };
		C6C625813948A955FAA1DC73 /* SocketIO in Frameworks */ = {isa = PBXBuildFile; productRef = 846851F355576D48E3ABF7C8 /* SocketIO */; };
		C85B70696006F49D5A87DB82 /* ViewModelTests.swift in Sources */ = {isa = PBXBuildFile; fileRef = 8AA67915FD0D87B3A52D3D71 /* ViewModelTests.swift */; };
		CA12C96490BA7B73FF7061A6 /* Fraunces-Italic-Variable.ttf in Resources */ = {isa = PBXBuildFile; fileRef = 924625FFF4F0B9BB4CCBCB83 /* Fraunces-Italic-Variable.ttf */; };
		CB3F86D3EA1637655282DF74 /* NullifierWindowOverlay.swift in Sources */ = {isa = PBXBuildFile; fileRef = 1A6EF60DE3F494E8424554EB /* NullifierWindowOverlay.swift */; };
		CBC8394BD4CC512081EB571F /* finished.json in Resources */ = {isa = PBXBuildFile; fileRef = E4BA6D1E2669918A257E1881 /* finished.json */; };
		CC1BEF10DF3345DF2A29FE08 /* WinnerRevealView.swift in Sources */ = {isa = PBXBuildFile; fileRef = EB57868E072CE166B33E87FC /* WinnerRevealView.swift */; };
		D1D9BFBF872B6042CABB1E1A /* tribal_reveal_tie.json in Resources */ = {isa = PBXBuildFile; fileRef = 6BA6D340E92FC8B7447C972A /* tribal_reveal_tie.json */; };
		D3BAA67D02D882C81736470C /* CardHandView.swift in Sources */ = {isa = PBXBuildFile; fileRef = D6E944AC0AA65EDD422017EA /* CardHandView.swift */; };
		D59EFE81A04EAC42ECBE7AD7 /* ContentView.swift in Sources */ = {isa = PBXBuildFile; fileRef = D2DA824F484802DBF9FB2199 /* ContentView.swift */; };
		D9EEC9D120C0D13389A3751E /* PlayingViewModel.swift in Sources */ = {isa = PBXBuildFile; fileRef = 93FA3B0AE23656E308ED353E /* PlayingViewModel.swift */; };
		DA5CA61FD9E6B322609D4926 /* TribalViewModel.swift in Sources */ = {isa = PBXBuildFile; fileRef = 72402B76C4C264F0CFCEAEBB /* TribalViewModel.swift */; };
		DB4C1453CD6BBB7FE4C3E5F9 /* PlayingViewModelTests.swift in Sources */ = {isa = PBXBuildFile; fileRef = DBC87F57450786729E8E86B2 /* PlayingViewModelTests.swift */; };
		DBC0D1C582276BEA9294C27D /* PlayerState.swift in Sources */ = {isa = PBXBuildFile; fileRef = FB7806AB1E8CC9FAECDAFBDD /* PlayerState.swift */; };
		DCE24B88D6FCD8EEFBEEB478 /* VoteBarScaleTests.swift in Sources */ = {isa = PBXBuildFile; fileRef = 754972255F7D3BA715370263 /* VoteBarScaleTests.swift */; };
		DDD85C98F787B379FB3AC283 /* JuryVotingView.swift in Sources */ = {isa = PBXBuildFile; fileRef = CB39578F0E0D230CFE23F755 /* JuryVotingView.swift */; };
		DE558378CD7688293000F9C8 /* RobberyBannerUITests.swift in Sources */ = {isa = PBXBuildFile; fileRef = E4040E9EC175B6083F1A4D31 /* RobberyBannerUITests.swift */; };
		DEFEFEA48DFBA0950729B94E /* MonogramTests.swift in Sources */ = {isa = PBXBuildFile; fileRef = 482BCD5B343FE8D5356071F9 /* MonogramTests.swift */; };
		DF3A2759B5C79FE061E34B34 /* survivor_cards.json in Resources */ = {isa = PBXBuildFile; fileRef = 7A28D71C09386EDFF87566C8 /* survivor_cards.json */; };
		E09735FE39F74855129DBFE5 /* CardView.swift in Sources */ = {isa = PBXBuildFile; fileRef = 0DC5D2C9DAB382995407D3F5 /* CardView.swift */; };
		E21783CF7A7692B9182021E6 /* VisualAuditUITests.swift in Sources */ = {isa = PBXBuildFile; fileRef = AEBD7362A5CAE2807DEF33D2 /* VisualAuditUITests.swift */; };
		E3973CA9889CB019F1741306 /* TieBreakView.swift in Sources */ = {isa = PBXBuildFile; fileRef = D1DB56CB9B0CE9F1744693EF /* TieBreakView.swift */; };
		E6D6E0CF7829EEEEFAEAB3FA /* CardCatalog.swift in Sources */ = {isa = PBXBuildFile; fileRef = 7060B4BFB85FE78AA190FD9A /* CardCatalog.swift */; };
		ECB10D498CD44DEA3A3894DA /* PlayerStatusBar.swift in Sources */ = {isa = PBXBuildFile; fileRef = 744174BBF5E0E346A6DC0731 /* PlayerStatusBar.swift */; };
		F30C219F782CDB1413CB8D9D /* SocketClient.swift in Sources */ = {isa = PBXBuildFile; fileRef = 853B0306B3185B9F7644BD64 /* SocketClient.swift */; };
		F40EE64682CCD8155BBBFB5B /* NarrationEventTests.swift in Sources */ = {isa = PBXBuildFile; fileRef = B40AFB1785163AE1363F81EC /* NarrationEventTests.swift */; };
		F4339C498EB09F44618E2802 /* CardDetailSheet.swift in Sources */ = {isa = PBXBuildFile; fileRef = 75FA1D6F26BC0F94002F4A81 /* CardDetailSheet.swift */; };
		F46B39415372AF4A412FA05E /* HallOfFameView.swift in Sources */ = {isa = PBXBuildFile; fileRef = 601230CBA61A2B08ED9FF4ED /* HallOfFameView.swift */; };
		F9C27661153509EA11A3AADB /* Theme.swift in Sources */ = {isa = PBXBuildFile; fileRef = 32C075937A0671D2605E1D40 /* Theme.swift */; };
		FC3D9310D5752827DD3D8C0B /* IdolNullificationTests.swift in Sources */ = {isa = PBXBuildFile; fileRef = 74CAD3AB8B04DCEA917F20AC /* IdolNullificationTests.swift */; };
		FD312F51894BB9E628FF785A /* StealTargetPicker.swift in Sources */ = {isa = PBXBuildFile; fileRef = C58BFD2DC553683E0F96575E /* StealTargetPicker.swift */; };
/* End PBXBuildFile section */

/* Begin PBXContainerItemProxy section */
		ABF6A610FEF676E3E68B65CB /* PBXContainerItemProxy */ = {
			isa = PBXContainerItemProxy;
			containerPortal = B99960D0E7F67FB615F94D3B /* Project object */;
			proxyType = 1;
			remoteGlobalIDString = E48DEC4251A0862B8DB82D7F;
			remoteInfo = SurvivorGame;
		};
		F0C8431944DE8CED397B513C /* PBXContainerItemProxy */ = {
			isa = PBXContainerItemProxy;
			containerPortal = B99960D0E7F67FB615F94D3B /* Project object */;
			proxyType = 1;
			remoteGlobalIDString = E48DEC4251A0862B8DB82D7F;
			remoteInfo = SurvivorGame;
		};
/* End PBXContainerItemProxy section */

/* Begin PBXFileReference section */
		0045BA401656BFAA514B6D63 /* IslandAccessScreen.swift */ = {isa = PBXFileReference; lastKnownFileType = sourcecode.swift; path = IslandAccessScreen.swift; sourceTree = "<group>"; };
		03BBAD4DE85648C219BC0E8F /* CardIdentityTests.swift */ = {isa = PBXFileReference; lastKnownFileType = sourcecode.swift; path = CardIdentityTests.swift; sourceTree = "<group>"; };
		048F925110028562672B8F57 /* PenaltyDiscardOverlay.swift */ = {isa = PBXFileReference; lastKnownFileType = sourcecode.swift; path = PenaltyDiscardOverlay.swift; sourceTree = "<group>"; };
		083E4829752E7D45735E2195 /* LobbyScreen.swift */ = {isa = PBXFileReference; lastKnownFileType = sourcecode.swift; path = LobbyScreen.swift; sourceTree = "<group>"; };
		0C66E49F082FBC958DC7CE70 /* DiscordLinkSheet.swift */ = {isa = PBXFileReference; lastKnownFileType = sourcecode.swift; path = DiscordLinkSheet.swift; sourceTree = "<group>"; };
		0DADDCA25868D3BFCF509268 /* TorchAudio.swift */ = {isa = PBXFileReference; lastKnownFileType = sourcecode.swift; path = TorchAudio.swift; sourceTree = "<group>"; };
		0DC5D2C9DAB382995407D3F5 /* CardView.swift */ = {isa = PBXFileReference; lastKnownFileType = sourcecode.swift; path = CardView.swift; sourceTree = "<group>"; };
		0FA7A3B2A00460C0C68A2255 /* ChallengeState.swift */ = {isa = PBXFileReference; lastKnownFileType = sourcecode.swift; path = ChallengeState.swift; sourceTree = "<group>"; };
		14E083D4215CD09F2236FE12 /* AdvantagePlayView.swift */ = {isa = PBXFileReference; lastKnownFileType = sourcecode.swift; path = AdvantagePlayView.swift; sourceTree = "<group>"; };
		1517A7372D1302738C30068E /* CardHandViewModel.swift */ = {isa = PBXFileReference; lastKnownFileType = sourcecode.swift; path = CardHandViewModel.swift; sourceTree = "<group>"; };
		17367F3603D03F66FA9D0E5E /* ViewModelState.swift */ = {isa = PBXFileReference; lastKnownFileType = sourcecode.swift; path = ViewModelState.swift; sourceTree = "<group>"; };
		19F20928EC681B13D065FE9C /* AuthenticationUITests.swift */ = {isa = PBXFileReference; lastKnownFileType = sourcecode.swift; path = AuthenticationUITests.swift; sourceTree = "<group>"; };
		1A6EF60DE3F494E8424554EB /* NullifierWindowOverlay.swift */ = {isa = PBXFileReference; lastKnownFileType = sourcecode.swift; path = NullifierWindowOverlay.swift; sourceTree = "<group>"; };
		1AE837EA8BBB0B435CEFD146 /* README.md */ = {isa = PBXFileReference; lastKnownFileType = net.daringfireball.markdown; path = README.md; sourceTree = "<group>"; };
		1E13F34ADD2CBD43D5EA1EB4 /* StateDecodingTests.swift */ = {isa = PBXFileReference; lastKnownFileType = sourcecode.swift; path = StateDecodingTests.swift; sourceTree = "<group>"; };
		22BCCF6307C9DA7B40DC11FC /* StartViewModel.swift */ = {isa = PBXFileReference; lastKnownFileType = sourcecode.swift; path = StartViewModel.swift; sourceTree = "<group>"; };
		2337381ED99BCA2F9B2C75AF /* SurvivorGame.app */ = {isa = PBXFileReference; includeInIndex = 0; lastKnownFileType = wrapper.application; path = SurvivorGame.app; sourceTree = BUILT_PRODUCTS_DIR; };
		2A32C54564835FB45B79F975 /* SurvivorGameApp.swift */ = {isa = PBXFileReference; lastKnownFileType = sourcecode.swift; path = SurvivorGameApp.swift; sourceTree = "<group>"; };
		32C075937A0671D2605E1D40 /* Theme.swift */ = {isa = PBXFileReference; lastKnownFileType = sourcecode.swift; path = Theme.swift; sourceTree = "<group>"; };
		366803CEF79831FE786AE392 /* PlayerDetailSheet.swift */ = {isa = PBXFileReference; lastKnownFileType = sourcecode.swift; path = PlayerDetailSheet.swift; sourceTree = "<group>"; };
		40748A310F33C6E1D053D02D /* RobberyBanner.swift */ = {isa = PBXFileReference; lastKnownFileType = sourcecode.swift; path = RobberyBanner.swift; sourceTree = "<group>"; };
		40B04ACC0FDBCB92A290B6C4 /* TribalViewModelTests.swift */ = {isa = PBXFileReference; lastKnownFileType = sourcecode.swift; path = TribalViewModelTests.swift; sourceTree = "<group>"; };
		44CC6A2F1EDA6D37EEE5E171 /* TorchTransitions.swift */ = {isa = PBXFileReference; lastKnownFileType = sourcecode.swift; path = TorchTransitions.swift; sourceTree = "<group>"; };
		482BCD5B343FE8D5356071F9 /* MonogramTests.swift */ = {isa = PBXFileReference; lastKnownFileType = sourcecode.swift; path = MonogramTests.swift; sourceTree = "<group>"; };
		49DF7989B4B4253680A999B9 /* NarrationFeed.swift */ = {isa = PBXFileReference; lastKnownFileType = sourcecode.swift; path = NarrationFeed.swift; sourceTree = "<group>"; };
		4AB0990923A310FD9070C0D2 /* InteractionState.swift */ = {isa = PBXFileReference; lastKnownFileType = sourcecode.swift; path = InteractionState.swift; sourceTree = "<group>"; };
		4C6C157EA402C9C0508A1015 /* Assets.xcassets */ = {isa = PBXFileReference; lastKnownFileType = folder.assetcatalog; path = Assets.xcassets; sourceTree = "<group>"; };
		4ECB78904519F6AC83C6B812 /* Info.plist */ = {isa = PBXFileReference; lastKnownFileType = text.plist; path = Info.plist; sourceTree = "<group>"; };
		4F0C398C7CA94DAB86E5CED0 /* PlayingScreen.swift */ = {isa = PBXFileReference; lastKnownFileType = sourcecode.swift; path = PlayingScreen.swift; sourceTree = "<group>"; };
		503E35CDBCFBE25AB9D87771 /* CardDefinition.swift */ = {isa = PBXFileReference; lastKnownFileType = sourcecode.swift; path = CardDefinition.swift; sourceTree = "<group>"; };
		5618ECF801683DD6C8DBA6BE /* tribal_voting.json */ = {isa = PBXFileReference; lastKnownFileType = text.json; path = tribal_voting.json; sourceTree = "<group>"; };
		57A00B4F7F52DF16D539B5C8 /* FlameEffects.swift */ = {isa = PBXFileReference; lastKnownFileType = sourcecode.swift; path = FlameEffects.swift; sourceTree = "<group>"; };
		5CC4C7FEBB7493F02747CE34 /* VoteRevealView.swift */ = {isa = PBXFileReference; lastKnownFileType = sourcecode.swift; path = VoteRevealView.swift; sourceTree = "<group>"; };
		5D3F46EFB9F7ED22BAB45256 /* interaction_active.json */ = {isa = PBXFileReference; lastKnownFileType = text.json; path = interaction_active.json; sourceTree = "<group>"; };
		601230CBA61A2B08ED9FF4ED /* HallOfFameView.swift */ = {isa = PBXFileReference; lastKnownFileType = sourcecode.swift; path = HallOfFameView.swift; sourceTree = "<group>"; };
		622716FC89794F75AFD7283A /* challenge_active.json */ = {isa = PBXFileReference; lastKnownFileType = text.json; path = challenge_active.json; sourceTree = "<group>"; };
		6738755F6B88B3BC886B0C5F /* UniversalLinkTests.swift */ = {isa = PBXFileReference; lastKnownFileType = sourcecode.swift; path = UniversalLinkTests.swift; sourceTree = "<group>"; };
		67AA8AC24FFECFE0859D29D9 /* tribal_announcement.json */ = {isa = PBXFileReference; lastKnownFileType = text.json; path = tribal_announcement.json; sourceTree = "<group>"; };
		68644E98FB21432FA5656F26 /* HapticEngine.swift */ = {isa = PBXFileReference; lastKnownFileType = sourcecode.swift; path = HapticEngine.swift; sourceTree = "<group>"; };
		68A766C981BE5C3792457D7D /* TorchComponents.swift */ = {isa = PBXFileReference; lastKnownFileType = sourcecode.swift; path = TorchComponents.swift; sourceTree = "<group>"; };
		6BA6D340E92FC8B7447C972A /* tribal_reveal_tie.json */ = {isa = PBXFileReference; lastKnownFileType = text.json; path = tribal_reveal_tie.json; sourceTree = "<group>"; };
		7060B4BFB85FE78AA190FD9A /* CardCatalog.swift */ = {isa = PBXFileReference; lastKnownFileType = sourcecode.swift; path = CardCatalog.swift; sourceTree = "<group>"; };
		72402B76C4C264F0CFCEAEBB /* TribalViewModel.swift */ = {isa = PBXFileReference; lastKnownFileType = sourcecode.swift; path = TribalViewModel.swift; sourceTree = "<group>"; };
		72B430A3C5CEFF2107CDAE60 /* SurvivorButton.swift */ = {isa = PBXFileReference; lastKnownFileType = sourcecode.swift; path = SurvivorButton.swift; sourceTree = "<group>"; };
		7358AA566FA334CD64594A21 /* PhaseProgressView.swift */ = {isa = PBXFileReference; lastKnownFileType = sourcecode.swift; path = PhaseProgressView.swift; sourceTree = "<group>"; };
		744174BBF5E0E346A6DC0731 /* PlayerStatusBar.swift */ = {isa = PBXFileReference; lastKnownFileType = sourcecode.swift; path = PlayerStatusBar.swift; sourceTree = "<group>"; };
		74CAD3AB8B04DCEA917F20AC /* IdolNullificationTests.swift */ = {isa = PBXFileReference; lastKnownFileType = sourcecode.swift; path = IdolNullificationTests.swift; sourceTree = "<group>"; };
		75049F5671D0DF640BE3220F /* FinalTribalState.swift */ = {isa = PBXFileReference; lastKnownFileType = sourcecode.swift; path = FinalTribalState.swift; sourceTree = "<group>"; };
		7519B7FA5A92C991D2A06F0B /* CardAnimations.swift */ = {isa = PBXFileReference; lastKnownFileType = sourcecode.swift; path = CardAnimations.swift; sourceTree = "<group>"; };
		754972255F7D3BA715370263 /* VoteBarScaleTests.swift */ = {isa = PBXFileReference; lastKnownFileType = sourcecode.swift; path = VoteBarScaleTests.swift; sourceTree = "<group>"; };
		75FA1D6F26BC0F94002F4A81 /* CardDetailSheet.swift */ = {isa = PBXFileReference; lastKnownFileType = sourcecode.swift; path = CardDetailSheet.swift; sourceTree = "<group>"; };
		760A57B8F82EA8824DDB71EC /* FixtureDecodingTests.swift */ = {isa = PBXFileReference; lastKnownFileType = sourcecode.swift; path = FixtureDecodingTests.swift; sourceTree = "<group>"; };
		77B14D26CBDB75B91E4F38B4 /* Fraunces-Variable.ttf */ = {isa = PBXFileReference; lastKnownFileType = file; path = "Fraunces-Variable.ttf"; sourceTree = "<group>"; };
		79A85A7271CC67973B736F22 /* SurvivorGameTests.xctest */ = {isa = PBXFileReference; includeInIndex = 0; lastKnownFileType = wrapper.cfbundle; path = SurvivorGameTests.xctest; sourceTree = BUILT_PRODUCTS_DIR; };
		7A28D71C09386EDFF87566C8 /* survivor_cards.json */ = {isa = PBXFileReference; lastKnownFileType = text.json; path = survivor_cards.json; sourceTree = "<group>"; };
		7BB75BFC18653A3BCE2AD7D5 /* generate_fixtures.py */ = {isa = PBXFileReference; lastKnownFileType = text.script.python; path = generate_fixtures.py; sourceTree = "<group>"; };
		7CF219A8FEE59F5EDFC210A9 /* AllianceOverlay.swift */ = {isa = PBXFileReference; lastKnownFileType = sourcecode.swift; path = AllianceOverlay.swift; sourceTree = "<group>"; };
		80401B5A14A1EEC4197ADD45 /* FinalTribalScreen.swift */ = {isa = PBXFileReference; lastKnownFileType = sourcecode.swift; path = FinalTribalScreen.swift; sourceTree = "<group>"; };
		835B2847716E322179470F0C /* playing_midturn.json */ = {isa = PBXFileReference; lastKnownFileType = text.json; path = playing_midturn.json; sourceTree = "<group>"; };
		83D622DB77EF0845785DBEA0 /* SurvivorGameUITests.xctest */ = {isa = PBXFileReference; includeInIndex = 0; lastKnownFileType = wrapper.cfbundle; path = SurvivorGameUITests.xctest; sourceTree = BUILT_PRODUCTS_DIR; };
		84F96BD40E277FCDEDDA6955 /* PlayerSetupView.swift */ = {isa = PBXFileReference; lastKnownFileType = sourcecode.swift; path = PlayerSetupView.swift; sourceTree = "<group>"; };
		853B0306B3185B9F7644BD64 /* SocketClient.swift */ = {isa = PBXFileReference; lastKnownFileType = sourcecode.swift; path = SocketClient.swift; sourceTree = "<group>"; };
		8896770D35DF7BAE9B3C2E78 /* QASweepUITests.swift */ = {isa = PBXFileReference; lastKnownFileType = sourcecode.swift; path = QASweepUITests.swift; sourceTree = "<group>"; };
		8AA67915FD0D87B3A52D3D71 /* ViewModelTests.swift */ = {isa = PBXFileReference; lastKnownFileType = sourcecode.swift; path = ViewModelTests.swift; sourceTree = "<group>"; };
		8E7B73810847FA907FA26FD4 /* AppSettingsSheet.swift */ = {isa = PBXFileReference; lastKnownFileType = sourcecode.swift; path = AppSettingsSheet.swift; sourceTree = "<group>"; };
		8F89BCE4A1A46E58A64C7516 /* TurnIndicatorView.swift */ = {isa = PBXFileReference; lastKnownFileType = sourcecode.swift; path = TurnIndicatorView.swift; sourceTree = "<group>"; };
		8FBD5FAB075FC347AA744261 /* GameClient.swift */ = {isa = PBXFileReference; lastKnownFileType = sourcecode.swift; path = GameClient.swift; sourceTree = "<group>"; };
		916EE9262A4CE799AD4AE108 /* ChallengeScreen.swift */ = {isa = PBXFileReference; lastKnownFileType = sourcecode.swift; path = ChallengeScreen.swift; sourceTree = "<group>"; };
		92456205F3671193A6B2CBB5 /* TribalVoteState.swift */ = {isa = PBXFileReference; lastKnownFileType = sourcecode.swift; path = TribalVoteState.swift; sourceTree = "<group>"; };
		924625FFF4F0B9BB4CCBCB83 /* Fraunces-Italic-Variable.ttf */ = {isa = PBXFileReference; lastKnownFileType = file; path = "Fraunces-Italic-Variable.ttf"; sourceTree = "<group>"; };
		9253DFC3E29C1CF800A5BDB8 /* ServerConfig.swift */ = {isa = PBXFileReference; lastKnownFileType = sourcecode.swift; path = ServerConfig.swift; sourceTree = "<group>"; };
		93FA3B0AE23656E308ED353E /* PlayingViewModel.swift */ = {isa = PBXFileReference; lastKnownFileType = sourcecode.swift; path = PlayingViewModel.swift; sourceTree = "<group>"; };
		94828426CF60FB58932E318C /* GamePhase.swift */ = {isa = PBXFileReference; lastKnownFileType = sourcecode.swift; path = GamePhase.swift; sourceTree = "<group>"; };
		94C17E55F46E2B7F3ADF0577 /* legacy_no_settings.json */ = {isa = PBXFileReference; lastKnownFileType = text.json; path = legacy_no_settings.json; sourceTree = "<group>"; };
		9516609CF588473DFB3D6E94 /* OFL.txt */ = {isa = PBXFileReference; lastKnownFileType = text; path = OFL.txt; sourceTree = "<group>"; };
		9519C8E31DEF13701B9EA272 /* StorySoFarDrawer.swift */ = {isa = PBXFileReference; lastKnownFileType = sourcecode.swift; path = StorySoFarDrawer.swift; sourceTree = "<group>"; };
		9991BD5472C15D66FE8E3AC5 /* Place.swift */ = {isa = PBXFileReference; lastKnownFileType = sourcecode.swift; path = Place.swift; sourceTree = "<group>"; };
		9AC3BEB2F425E67566B01A88 /* NarrationEvent.swift */ = {isa = PBXFileReference; lastKnownFileType = sourcecode.swift; path = NarrationEvent.swift; sourceTree = "<group>"; };
		9E24B36808ACBE3C8AC5E22A /* lobby.json */ = {isa = PBXFileReference; lastKnownFileType = text.json; path = lobby.json; sourceTree = "<group>"; };
		A1F9BD82EEC0E4818C6523F9 /* PlayerAvatarView.swift */ = {isa = PBXFileReference; lastKnownFileType = sourcecode.swift; path = PlayerAvatarView.swift; sourceTree = "<group>"; };
		A25ADB5FD87C59CD9CAD2CCE /* GameHistoryView.swift */ = {isa = PBXFileReference; lastKnownFileType = sourcecode.swift; path = GameHistoryView.swift; sourceTree = "<group>"; };
		A5396A2E209113CD92EB3A88 /* DesignSystemTests.swift */ = {isa = PBXFileReference; lastKnownFileType = sourcecode.swift; path = DesignSystemTests.swift; sourceTree = "<group>"; };
		A6CB5AAE841ACA3F75052A81 /* GameRecord.swift */ = {isa = PBXFileReference; lastKnownFileType = sourcecode.swift; path = GameRecord.swift; sourceTree = "<group>"; };
		AA53E7581D67D6EF850AEDE4 /* NetworkingTests.swift */ = {isa = PBXFileReference; lastKnownFileType = sourcecode.swift; path = NetworkingTests.swift; sourceTree = "<group>"; };
		ACEAA0AF59E6324AA323F21F /* VotingView.swift */ = {isa = PBXFileReference; lastKnownFileType = sourcecode.swift; path = VotingView.swift; sourceTree = "<group>"; };
		AEBB269476A47CBDDB7B82B2 /* SurvivorTheme.swift */ = {isa = PBXFileReference; lastKnownFileType = sourcecode.swift; path = SurvivorTheme.swift; sourceTree = "<group>"; };
		AEBD7362A5CAE2807DEF33D2 /* VisualAuditUITests.swift */ = {isa = PBXFileReference; lastKnownFileType = sourcecode.swift; path = VisualAuditUITests.swift; sourceTree = "<group>"; };
		B40AFB1785163AE1363F81EC /* NarrationEventTests.swift */ = {isa = PBXFileReference; lastKnownFileType = sourcecode.swift; path = NarrationEventTests.swift; sourceTree = "<group>"; };
		B522208A1F85A5BFA2C8BDA3 /* ServerConfigTests.swift */ = {isa = PBXFileReference; lastKnownFileType = sourcecode.swift; path = ServerConfigTests.swift; sourceTree = "<group>"; };
		BD2D04A008F1D6E86F0215A5 /* LobbyViewModel.swift */ = {isa = PBXFileReference; lastKnownFileType = sourcecode.swift; path = LobbyViewModel.swift; sourceTree = "<group>"; };
		BE7B1E5B136B8F0A1B9A66A9 /* IslandAccessCookieStore.swift */ = {isa = PBXFileReference; lastKnownFileType = sourcecode.swift; path = IslandAccessCookieStore.swift; sourceTree = "<group>"; };
		BF71C61DAA3A57852843D2F0 /* AccessibilityTests.swift */ = {isa = PBXFileReference; lastKnownFileType = sourcecode.swift; path = AccessibilityTests.swift; sourceTree = "<group>"; };
		C30AB7B5618AD538B1000A2F /* InteractionScreen.swift */ = {isa = PBXFileReference; lastKnownFileType = sourcecode.swift; path = InteractionScreen.swift; sourceTree = "<group>"; };
		C58BFD2DC553683E0F96575E /* StealTargetPicker.swift */ = {isa = PBXFileReference; lastKnownFileType = sourcecode.swift; path = StealTargetPicker.swift; sourceTree = "<group>"; };
		C62E87D253D9ED2756DC0392 /* ConnectionState.swift */ = {isa = PBXFileReference; lastKnownFileType = sourcecode.swift; path = ConnectionState.swift; sourceTree = "<group>"; };
		C8F4EFC64C011461248D2CEB /* tribal_immunity.json */ = {isa = PBXFileReference; lastKnownFileType = text.json; path = tribal_immunity.json; sourceTree = "<group>"; };
		CAC481BEA784D2AFDA39347C /* PlacesBar.swift */ = {isa = PBXFileReference; lastKnownFileType = sourcecode.swift; path = PlacesBar.swift; sourceTree = "<group>"; };
		CB39578F0E0D230CFE23F755 /* JuryVotingView.swift */ = {isa = PBXFileReference; lastKnownFileType = sourcecode.swift; path = JuryVotingView.swift; sourceTree = "<group>"; };
		CC5236B756F1E39673589571 /* TribalScreen.swift */ = {isa = PBXFileReference; lastKnownFileType = sourcecode.swift; path = TribalScreen.swift; sourceTree = "<group>"; };
		D11B9FE2927CB134124B9342 /* FinalTribalViewModel.swift */ = {isa = PBXFileReference; lastKnownFileType = sourcecode.swift; path = FinalTribalViewModel.swift; sourceTree = "<group>"; };
		D1DB56CB9B0CE9F1744693EF /* TieBreakView.swift */ = {isa = PBXFileReference; lastKnownFileType = sourcecode.swift; path = TieBreakView.swift; sourceTree = "<group>"; };
		D2DA824F484802DBF9FB2199 /* ContentView.swift */ = {isa = PBXFileReference; lastKnownFileType = sourcecode.swift; path = ContentView.swift; sourceTree = "<group>"; };
		D6E944AC0AA65EDD422017EA /* CardHandView.swift */ = {isa = PBXFileReference; lastKnownFileType = sourcecode.swift; path = CardHandView.swift; sourceTree = "<group>"; };
		D7AD8E0129EF71CD4C25C41D /* PrivacyInfo.xcprivacy */ = {isa = PBXFileReference; path = PrivacyInfo.xcprivacy; sourceTree = "<group>"; };
		DAAEB936E963F73666532373 /* GameState.swift */ = {isa = PBXFileReference; lastKnownFileType = sourcecode.swift; path = GameState.swift; sourceTree = "<group>"; };
		DBC87F57450786729E8E86B2 /* PlayingViewModelTests.swift */ = {isa = PBXFileReference; lastKnownFileType = sourcecode.swift; path = PlayingViewModelTests.swift; sourceTree = "<group>"; };
		E0D6A9B48AC1F6B010C3DC27 /* ConnectionBanner.swift */ = {isa = PBXFileReference; lastKnownFileType = sourcecode.swift; path = ConnectionBanner.swift; sourceTree = "<group>"; };
		E4040E9EC175B6083F1A4D31 /* RobberyBannerUITests.swift */ = {isa = PBXFileReference; lastKnownFileType = sourcecode.swift; path = RobberyBannerUITests.swift; sourceTree = "<group>"; };
		E4BA6D1E2669918A257E1881 /* finished.json */ = {isa = PBXFileReference; lastKnownFileType = text.json; path = finished.json; sourceTree = "<group>"; };
		EB57868E072CE166B33E87FC /* WinnerRevealView.swift */ = {isa = PBXFileReference; lastKnownFileType = sourcecode.swift; path = WinnerRevealView.swift; sourceTree = "<group>"; };
		EB96FC8285F596A14C699518 /* MockGameClient.swift */ = {isa = PBXFileReference; lastKnownFileType = sourcecode.swift; path = MockGameClient.swift; sourceTree = "<group>"; };
		EC0C871ED311CFEBC458BD4C /* ReactiveTheftOverlay.swift */ = {isa = PBXFileReference; lastKnownFileType = sourcecode.swift; path = ReactiveTheftOverlay.swift; sourceTree = "<group>"; };
		ECE14A68AE3FEDAD4CC62A30 /* StartScreen.swift */ = {isa = PBXFileReference; lastKnownFileType = sourcecode.swift; path = StartScreen.swift; sourceTree = "<group>"; };
		EEFFF11354FE9CAD6EAE725A /* ImmunityView.swift */ = {isa = PBXFileReference; lastKnownFileType = sourcecode.swift; path = ImmunityView.swift; sourceTree = "<group>"; };
		F1797EAE3C43C28507E28012 /* ChallengeUITests.swift */ = {isa = PBXFileReference; lastKnownFileType = sourcecode.swift; path = ChallengeUITests.swift; sourceTree = "<group>"; };
		F438FC100DE10D7EA2EF6416 /* APIClient.swift */ = {isa = PBXFileReference; lastKnownFileType = sourcecode.swift; path = APIClient.swift; sourceTree = "<group>"; };
		F68CD7E24847150FF4BBD2BE /* pending_theft_open.json */ = {isa = PBXFileReference; lastKnownFileType = text.json; path = pending_theft_open.json; sourceTree = "<group>"; };
		F96BEA35C4151773110A4463 /* EliminationView.swift */ = {isa = PBXFileReference; lastKnownFileType = sourcecode.swift; path = EliminationView.swift; sourceTree = "<group>"; };
		FB7806AB1E8CC9FAECDAFBDD /* PlayerState.swift */ = {isa = PBXFileReference; lastKnownFileType = sourcecode.swift; path = PlayerState.swift; sourceTree = "<group>"; };
		FC7B695E90A4526E36793462 /* ToastView.swift */ = {isa = PBXFileReference; lastKnownFileType = sourcecode.swift; path = ToastView.swift; sourceTree = "<group>"; };
		FE01D7679D6D64E0C5C7287D /* SurvivorGame.entitlements */ = {isa = PBXFileReference; lastKnownFileType = text.plist.entitlements; path = SurvivorGame.entitlements; sourceTree = "<group>"; };
/* End PBXFileReference section */

/* Begin PBXFrameworksBuildPhase section */
		844C7094CEAD67BE34CBA5AA /* Frameworks */ = {
			isa = PBXFrameworksBuildPhase;
			buildActionMask = 2147483647;
			files = (
				C6C625813948A955FAA1DC73 /* SocketIO in Frameworks */,
			);
			runOnlyForDeploymentPostprocessing = 0;
		};
/* End PBXFrameworksBuildPhase section */

/* Begin PBXGroup section */
		028E19211D9AE59E23B519E9 /* Lobby */ = {
			isa = PBXGroup;
			children = (
				083E4829752E7D45735E2195 /* LobbyScreen.swift */,
				A1F9BD82EEC0E4818C6523F9 /* PlayerAvatarView.swift */,
			);
			path = Lobby;
			sourceTree = "<group>";
		};
		04E5957141F71DB49895A212 = {
			isa = PBXGroup;
			children = (
				CBB3B72B008E17B093CFE002 /* SurvivorGame */,
				DBBBDA67E37B1CEDF8498B81 /* SurvivorGameTests */,
				671E995C30FE37D4BA67BED3 /* SurvivorGameUITests */,
				127B35A989EF31591D5E9EEE /* Products */,
			);
			sourceTree = "<group>";
		};
		084A9AD623D60225712137E1 /* Networking */ = {
			isa = PBXGroup;
			children = (
				F438FC100DE10D7EA2EF6416 /* APIClient.swift */,
				C62E87D253D9ED2756DC0392 /* ConnectionState.swift */,
				8FBD5FAB075FC347AA744261 /* GameClient.swift */,
				BE7B1E5B136B8F0A1B9A66A9 /* IslandAccessCookieStore.swift */,
				853B0306B3185B9F7644BD64 /* SocketClient.swift */,
			);
			path = Networking;
			sourceTree = "<group>";
		};
		092C21D9BB4AF975C636C14C /* Views */ = {
			isa = PBXGroup;
			children = (
				148AAE59BF84C07B1EC835F2 /* Cards */,
				3E4A132B9B02E04A275F88CB /* Challenge */,
				AEA8AEEE287E7A315202FB88 /* Components */,
				F8884C2CC69234F0CF0ADEF9 /* FinalTribal */,
				BAFBCA83DBF56341F59C69B2 /* History */,
				A6F64C348A49BFDFA04FC827 /* Interaction */,
				028E19211D9AE59E23B519E9 /* Lobby */,
				8C418A763DB09A8896276750 /* Playing */,
				510170A7BCC05F821A34B467 /* Settings */,
				A10BDFAC913A0935DA284E9B /* Start */,
				408026A989032D431F1711B4 /* Tribal */,
			);
			path = Views;
			sourceTree = "<group>";
		};
		127B35A989EF31591D5E9EEE /* Products */ = {
			isa = PBXGroup;
			children = (
				2337381ED99BCA2F9B2C75AF /* SurvivorGame.app */,
				79A85A7271CC67973B736F22 /* SurvivorGameTests.xctest */,
				83D622DB77EF0845785DBEA0 /* SurvivorGameUITests.xctest */,
			);
			name = Products;
			sourceTree = "<group>";
		};
		148AAE59BF84C07B1EC835F2 /* Cards */ = {
			isa = PBXGroup;
			children = (
				7519B7FA5A92C991D2A06F0B /* CardAnimations.swift */,
				75FA1D6F26BC0F94002F4A81 /* CardDetailSheet.swift */,
				D6E944AC0AA65EDD422017EA /* CardHandView.swift */,
				0DC5D2C9DAB382995407D3F5 /* CardView.swift */,
			);
			path = Cards;
			sourceTree = "<group>";
		};
		2AB850D039D484EDAE79F431 /* Fixtures */ = {
			isa = PBXGroup;
			children = (
				622716FC89794F75AFD7283A /* challenge_active.json */,
				E4BA6D1E2669918A257E1881 /* finished.json */,
				7BB75BFC18653A3BCE2AD7D5 /* generate_fixtures.py */,
				5D3F46EFB9F7ED22BAB45256 /* interaction_active.json */,
				94C17E55F46E2B7F3ADF0577 /* legacy_no_settings.json */,
				9E24B36808ACBE3C8AC5E22A /* lobby.json */,
				F68CD7E24847150FF4BBD2BE /* pending_theft_open.json */,
				835B2847716E322179470F0C /* playing_midturn.json */,
				67AA8AC24FFECFE0859D29D9 /* tribal_announcement.json */,
				C8F4EFC64C011461248D2CEB /* tribal_immunity.json */,
				6BA6D340E92FC8B7447C972A /* tribal_reveal_tie.json */,
				5618ECF801683DD6C8DBA6BE /* tribal_voting.json */,
			);
			path = Fixtures;
			sourceTree = "<group>";
		};
		3E4A132B9B02E04A275F88CB /* Challenge */ = {
			isa = PBXGroup;
			children = (
				916EE9262A4CE799AD4AE108 /* ChallengeScreen.swift */,
			);
			path = Challenge;
			sourceTree = "<group>";
		};
		408026A989032D431F1711B4 /* Tribal */ = {
			isa = PBXGroup;
			children = (
				14E083D4215CD09F2236FE12 /* AdvantagePlayView.swift */,
				F96BEA35C4151773110A4463 /* EliminationView.swift */,
				EEFFF11354FE9CAD6EAE725A /* ImmunityView.swift */,
				D1DB56CB9B0CE9F1744693EF /* TieBreakView.swift */,
				CC5236B756F1E39673589571 /* TribalScreen.swift */,
				5CC4C7FEBB7493F02747CE34 /* VoteRevealView.swift */,
				ACEAA0AF59E6324AA323F21F /* VotingView.swift */,
			);
			path = Tribal;
			sourceTree = "<group>";
		};
		510170A7BCC05F821A34B467 /* Settings */ = {
			isa = PBXGroup;
			children = (
				8E7B73810847FA907FA26FD4 /* AppSettingsSheet.swift */,
				0C66E49F082FBC958DC7CE70 /* DiscordLinkSheet.swift */,
			);
			path = Settings;
			sourceTree = "<group>";
		};
		671E995C30FE37D4BA67BED3 /* SurvivorGameUITests */ = {
			isa = PBXGroup;
			children = (
				19F20928EC681B13D065FE9C /* AuthenticationUITests.swift */,
				F1797EAE3C43C28507E28012 /* ChallengeUITests.swift */,
				8896770D35DF7BAE9B3C2E78 /* QASweepUITests.swift */,
				1AE837EA8BBB0B435CEFD146 /* README.md */,
				E4040E9EC175B6083F1A4D31 /* RobberyBannerUITests.swift */,
				AEBD7362A5CAE2807DEF33D2 /* VisualAuditUITests.swift */,
			);
			path = SurvivorGameUITests;
			sourceTree = "<group>";
		};
		683DC624062BB2D07896B0C2 /* App */ = {
			isa = PBXGroup;
			children = (
				D2DA824F484802DBF9FB2199 /* ContentView.swift */,
				4ECB78904519F6AC83C6B812 /* Info.plist */,
				2A32C54564835FB45B79F975 /* SurvivorGameApp.swift */,
			);
			path = App;
			sourceTree = "<group>";
		};
		6E614A12EAAC8CFBF578A254 /* Fonts */ = {
			isa = PBXGroup;
			children = (
				924625FFF4F0B9BB4CCBCB83 /* Fraunces-Italic-Variable.ttf */,
				77B14D26CBDB75B91E4F38B4 /* Fraunces-Variable.ttf */,
				9516609CF588473DFB3D6E94 /* OFL.txt */,
			);
			path = Fonts;
			sourceTree = "<group>";
		};
		8C418A763DB09A8896276750 /* Playing */ = {
			isa = PBXGroup;
			children = (
				CAC481BEA784D2AFDA39347C /* PlacesBar.swift */,
				744174BBF5E0E346A6DC0731 /* PlayerStatusBar.swift */,
				4F0C398C7CA94DAB86E5CED0 /* PlayingScreen.swift */,
				C58BFD2DC553683E0F96575E /* StealTargetPicker.swift */,
				8F89BCE4A1A46E58A64C7516 /* TurnIndicatorView.swift */,
			);
			path = Playing;
			sourceTree = "<group>";
		};
		A10BDFAC913A0935DA284E9B /* Start */ = {
			isa = PBXGroup;
			children = (
				0045BA401656BFAA514B6D63 /* IslandAccessScreen.swift */,
				84F96BD40E277FCDEDDA6955 /* PlayerSetupView.swift */,
				ECE14A68AE3FEDAD4CC62A30 /* StartScreen.swift */,
			);
			path = Start;
			sourceTree = "<group>";
		};
		A6F64C348A49BFDFA04FC827 /* Interaction */ = {
			isa = PBXGroup;
			children = (
				C30AB7B5618AD538B1000A2F /* InteractionScreen.swift */,
			);
			path = Interaction;
			sourceTree = "<group>";
		};
		AEA8AEEE287E7A315202FB88 /* Components */ = {
			isa = PBXGroup;
			children = (
				7CF219A8FEE59F5EDFC210A9 /* AllianceOverlay.swift */,
				E0D6A9B48AC1F6B010C3DC27 /* ConnectionBanner.swift */,
				68644E98FB21432FA5656F26 /* HapticEngine.swift */,
				1A6EF60DE3F494E8424554EB /* NullifierWindowOverlay.swift */,
				048F925110028562672B8F57 /* PenaltyDiscardOverlay.swift */,
				7358AA566FA334CD64594A21 /* PhaseProgressView.swift */,
				366803CEF79831FE786AE392 /* PlayerDetailSheet.swift */,
				EC0C871ED311CFEBC458BD4C /* ReactiveTheftOverlay.swift */,
				40748A310F33C6E1D053D02D /* RobberyBanner.swift */,
				9519C8E31DEF13701B9EA272 /* StorySoFarDrawer.swift */,
				72B430A3C5CEFF2107CDAE60 /* SurvivorButton.swift */,
				AEBB269476A47CBDDB7B82B2 /* SurvivorTheme.swift */,
				FC7B695E90A4526E36793462 /* ToastView.swift */,
			);
			path = Components;
			sourceTree = "<group>";
		};
		BAFBCA83DBF56341F59C69B2 /* History */ = {
			isa = PBXGroup;
			children = (
				A25ADB5FD87C59CD9CAD2CCE /* GameHistoryView.swift */,
				601230CBA61A2B08ED9FF4ED /* HallOfFameView.swift */,
			);
			path = History;
			sourceTree = "<group>";
		};
		C36D6E2918A51A06F96D69C9 /* Models */ = {
			isa = PBXGroup;
			children = (
				7060B4BFB85FE78AA190FD9A /* CardCatalog.swift */,
				503E35CDBCFBE25AB9D87771 /* CardDefinition.swift */,
				A6CB5AAE841ACA3F75052A81 /* GameRecord.swift */,
				9AC3BEB2F425E67566B01A88 /* NarrationEvent.swift */,
				9253DFC3E29C1CF800A5BDB8 /* ServerConfig.swift */,
			);
			path = Models;
			sourceTree = "<group>";
		};
		CBB3B72B008E17B093CFE002 /* SurvivorGame */ = {
			isa = PBXGroup;
			children = (
				FE01D7679D6D64E0C5C7287D /* SurvivorGame.entitlements */,
				683DC624062BB2D07896B0C2 /* App */,
				ECA397ABFE1CC534E7000CF2 /* DesignSystem */,
				C36D6E2918A51A06F96D69C9 /* Models */,
				084A9AD623D60225712137E1 /* Networking */,
				F7DAF13431AA8DA0B5E009B5 /* Resources */,
				E99AF4495A01C3B6650B0804 /* State */,
				D6FF3E31D35E84AB336DFED9 /* ViewModels */,
				092C21D9BB4AF975C636C14C /* Views */,
			);
			path = SurvivorGame;
			sourceTree = "<group>";
		};
		D6FF3E31D35E84AB336DFED9 /* ViewModels */ = {
			isa = PBXGroup;
			children = (
				1517A7372D1302738C30068E /* CardHandViewModel.swift */,
				D11B9FE2927CB134124B9342 /* FinalTribalViewModel.swift */,
				BD2D04A008F1D6E86F0215A5 /* LobbyViewModel.swift */,
				93FA3B0AE23656E308ED353E /* PlayingViewModel.swift */,
				22BCCF6307C9DA7B40DC11FC /* StartViewModel.swift */,
				72402B76C4C264F0CFCEAEBB /* TribalViewModel.swift */,
				E1BA718B5CC55FD40F7F6C57 /* Shared */,
			);
			path = ViewModels;
			sourceTree = "<group>";
		};
		DBBBDA67E37B1CEDF8498B81 /* SurvivorGameTests */ = {
			isa = PBXGroup;
			children = (
				BF71C61DAA3A57852843D2F0 /* AccessibilityTests.swift */,
				03BBAD4DE85648C219BC0E8F /* CardIdentityTests.swift */,
				A5396A2E209113CD92EB3A88 /* DesignSystemTests.swift */,
				760A57B8F82EA8824DDB71EC /* FixtureDecodingTests.swift */,
				74CAD3AB8B04DCEA917F20AC /* IdolNullificationTests.swift */,
				EB96FC8285F596A14C699518 /* MockGameClient.swift */,
				482BCD5B343FE8D5356071F9 /* MonogramTests.swift */,
				B40AFB1785163AE1363F81EC /* NarrationEventTests.swift */,
				AA53E7581D67D6EF850AEDE4 /* NetworkingTests.swift */,
				DBC87F57450786729E8E86B2 /* PlayingViewModelTests.swift */,
				B522208A1F85A5BFA2C8BDA3 /* ServerConfigTests.swift */,
				1E13F34ADD2CBD43D5EA1EB4 /* StateDecodingTests.swift */,
				40B04ACC0FDBCB92A290B6C4 /* TribalViewModelTests.swift */,
				6738755F6B88B3BC886B0C5F /* UniversalLinkTests.swift */,
				8AA67915FD0D87B3A52D3D71 /* ViewModelTests.swift */,
				754972255F7D3BA715370263 /* VoteBarScaleTests.swift */,
				2AB850D039D484EDAE79F431 /* Fixtures */,
			);
			path = SurvivorGameTests;
			sourceTree = "<group>";
		};
		E1BA718B5CC55FD40F7F6C57 /* Shared */ = {
			isa = PBXGroup;
			children = (
				17367F3603D03F66FA9D0E5E /* ViewModelState.swift */,
			);
			path = Shared;
			sourceTree = "<group>";
		};
		E99AF4495A01C3B6650B0804 /* State */ = {
			isa = PBXGroup;
			children = (
				0FA7A3B2A00460C0C68A2255 /* ChallengeState.swift */,
				75049F5671D0DF640BE3220F /* FinalTribalState.swift */,
				94828426CF60FB58932E318C /* GamePhase.swift */,
				DAAEB936E963F73666532373 /* GameState.swift */,
				4AB0990923A310FD9070C0D2 /* InteractionState.swift */,
				49DF7989B4B4253680A999B9 /* NarrationFeed.swift */,
				9991BD5472C15D66FE8E3AC5 /* Place.swift */,
				FB7806AB1E8CC9FAECDAFBDD /* PlayerState.swift */,
				92456205F3671193A6B2CBB5 /* TribalVoteState.swift */,
			);
			path = State;
			sourceTree = "<group>";
		};
		ECA397ABFE1CC534E7000CF2 /* DesignSystem */ = {
			isa = PBXGroup;
			children = (
				57A00B4F7F52DF16D539B5C8 /* FlameEffects.swift */,
				32C075937A0671D2605E1D40 /* Theme.swift */,
				0DADDCA25868D3BFCF509268 /* TorchAudio.swift */,
				68A766C981BE5C3792457D7D /* TorchComponents.swift */,
				44CC6A2F1EDA6D37EEE5E171 /* TorchTransitions.swift */,
			);
			path = DesignSystem;
			sourceTree = "<group>";
		};
		F7DAF13431AA8DA0B5E009B5 /* Resources */ = {
			isa = PBXGroup;
			children = (
				4C6C157EA402C9C0508A1015 /* Assets.xcassets */,
				D7AD8E0129EF71CD4C25C41D /* PrivacyInfo.xcprivacy */,
				7A28D71C09386EDFF87566C8 /* survivor_cards.json */,
				6E614A12EAAC8CFBF578A254 /* Fonts */,
			);
			path = Resources;
			sourceTree = "<group>";
		};
		F8884C2CC69234F0CF0ADEF9 /* FinalTribal */ = {
			isa = PBXGroup;
			children = (
				80401B5A14A1EEC4197ADD45 /* FinalTribalScreen.swift */,
				CB39578F0E0D230CFE23F755 /* JuryVotingView.swift */,
				EB57868E072CE166B33E87FC /* WinnerRevealView.swift */,
			);
			path = FinalTribal;
			sourceTree = "<group>";
		};
/* End PBXGroup section */

/* Begin PBXNativeTarget section */
		D1DB9E1E3A084F8777A0BF0B /* SurvivorGameUITests */ = {
			isa = PBXNativeTarget;
			buildConfigurationList = 9FE00632CA719B0EAAA40AA1 /* Build configuration list for PBXNativeTarget "SurvivorGameUITests" */;
			buildPhases = (
				B2C671B00131343E0545BA46 /* Sources */,
				13C73AB8E1C8E1F8DCE7A02D /* Resources */,
			);
			buildRules = (
			);
			dependencies = (
				0774F813D354CB6E94DA5806 /* PBXTargetDependency */,
			);
			name = SurvivorGameUITests;
			packageProductDependencies = (
			);
			productName = SurvivorGameUITests;
			productReference = 83D622DB77EF0845785DBEA0 /* SurvivorGameUITests.xctest */;
			productType = "com.apple.product-type.bundle.ui-testing";
		};
		E48DEC4251A0862B8DB82D7F /* SurvivorGame */ = {
			isa = PBXNativeTarget;
			buildConfigurationList = DC9A1583F45E8CC256E2FB16 /* Build configuration list for PBXNativeTarget "SurvivorGame" */;
			buildPhases = (
				85D7FEC749336796032DB683 /* Sources */,
				F61B954CF60B483CE9E118AF /* Resources */,
				844C7094CEAD67BE34CBA5AA /* Frameworks */,
			);
			buildRules = (
			);
			dependencies = (
			);
			name = SurvivorGame;
			packageProductDependencies = (
				846851F355576D48E3ABF7C8 /* SocketIO */,
			);
			productName = SurvivorGame;
			productReference = 2337381ED99BCA2F9B2C75AF /* SurvivorGame.app */;
			productType = "com.apple.product-type.application";
		};
		E538E4770D0583E69F5344DF /* SurvivorGameTests */ = {
			isa = PBXNativeTarget;
			buildConfigurationList = 802563F7676BCEE5DFA9D247 /* Build configuration list for PBXNativeTarget "SurvivorGameTests" */;
			buildPhases = (
				416718A947C230ECAAD80302 /* Sources */,
				CC88A3F2F8840C1C11272BD2 /* Resources */,
			);
			buildRules = (
			);
			dependencies = (
				D0C00A10DE86D698E1462543 /* PBXTargetDependency */,
			);
			name = SurvivorGameTests;
			packageProductDependencies = (
			);
			productName = SurvivorGameTests;
			productReference = 79A85A7271CC67973B736F22 /* SurvivorGameTests.xctest */;
			productType = "com.apple.product-type.bundle.unit-test";
		};
/* End PBXNativeTarget section */

/* Begin PBXProject section */
		B99960D0E7F67FB615F94D3B /* Project object */ = {
			isa = PBXProject;
			attributes = {
				BuildIndependentTargetsInParallel = YES;
				LastUpgradeCheck = 1600;
				TargetAttributes = {
					D1DB9E1E3A084F8777A0BF0B = {
						DevelopmentTeam = M5H3893R7A;
						TestTargetID = E48DEC4251A0862B8DB82D7F;
					};
					E48DEC4251A0862B8DB82D7F = {
						DevelopmentTeam = M5H3893R7A;
						ProvisioningStyle = Automatic;
					};
					E538E4770D0583E69F5344DF = {
						DevelopmentTeam = M5H3893R7A;
					};
				};
			};
			buildConfigurationList = 58B90C6A4AB57CD049053F00 /* Build configuration list for PBXProject "SurvivorGame" */;
			compatibilityVersion = "Xcode 14.0";
			developmentRegion = en;
			hasScannedForEncodings = 0;
			knownRegions = (
				Base,
				en,
			);
			mainGroup = 04E5957141F71DB49895A212;
			minimizedProjectReferenceProxies = 1;
			packageReferences = (
				55A32B4B6668FF8BB5661C2D /* XCRemoteSwiftPackageReference "socket.io-client-swift" */,
			);
			preferredProjectObjectVersion = 77;
			projectDirPath = "";
			projectRoot = "";
			targets = (
				E48DEC4251A0862B8DB82D7F /* SurvivorGame */,
				E538E4770D0583E69F5344DF /* SurvivorGameTests */,
				D1DB9E1E3A084F8777A0BF0B /* SurvivorGameUITests */,
			);
		};
/* End PBXProject section */

/* Begin PBXResourcesBuildPhase section */
		13C73AB8E1C8E1F8DCE7A02D /* Resources */ = {
			isa = PBXResourcesBuildPhase;
			buildActionMask = 2147483647;
			files = (
				8165E32A1A1ECE759FE7CF6D /* README.md in Resources */,
			);
			runOnlyForDeploymentPostprocessing = 0;
		};
		CC88A3F2F8840C1C11272BD2 /* Resources */ = {
			isa = PBXResourcesBuildPhase;
			buildActionMask = 2147483647;
			files = (
				16DECEE2859C1DA86B58EFDF /* challenge_active.json in Resources */,
				CBC8394BD4CC512081EB571F /* finished.json in Resources */,
				BAC2700472EA489F28B66E93 /* generate_fixtures.py in Resources */,
				9BD8D4B3208CEB5FEC078A00 /* interaction_active.json in Resources */,
				727FBFD5CDA13F859F0681A4 /* legacy_no_settings.json in Resources */,
				3748CEDB54ECF264ABC4743A /* lobby.json in Resources */,
				9AC75944CC05B37E57093136 /* pending_theft_open.json in Resources */,
				7E6866EED3C5AD6C0C1B1D0C /* playing_midturn.json in Resources */,
				A8D88EDDD19265E64E1BF7EC /* tribal_announcement.json in Resources */,
				9F0FB44D1289128C78EF57BE /* tribal_immunity.json in Resources */,
				D1D9BFBF872B6042CABB1E1A /* tribal_reveal_tie.json in Resources */,
				C6BEA86E114D8E10106204D6 /* tribal_voting.json in Resources */,
			);
			runOnlyForDeploymentPostprocessing = 0;
		};
		F61B954CF60B483CE9E118AF /* Resources */ = {
			isa = PBXResourcesBuildPhase;
			buildActionMask = 2147483647;
			files = (
				3312584CA42387F6971DD8A5 /* Assets.xcassets in Resources */,
				CA12C96490BA7B73FF7061A6 /* Fraunces-Italic-Variable.ttf in Resources */,
				C075F08125AF87186C01E9E5 /* Fraunces-Variable.ttf in Resources */,
				99B656C30772580AD847E2A3 /* OFL.txt in Resources */,
				9CF23191EE542CBEF5445CF5 /* PrivacyInfo.xcprivacy in Resources */,
				DF3A2759B5C79FE061E34B34 /* survivor_cards.json in Resources */,
			);
			runOnlyForDeploymentPostprocessing = 0;
		};
/* End PBXResourcesBuildPhase section */

/* Begin PBXSourcesBuildPhase section */
		416718A947C230ECAAD80302 /* Sources */ = {
			isa = PBXSourcesBuildPhase;
			buildActionMask = 2147483647;
			files = (
				47C4A976E5F24D754EAD3B0A /* AccessibilityTests.swift in Sources */,
				1B2F52A8781AA797D2EBE8F6 /* CardIdentityTests.swift in Sources */,
				20698A00EC6EB3802173F29D /* DesignSystemTests.swift in Sources */,
				90B5801E1E939C0D164CBE91 /* FixtureDecodingTests.swift in Sources */,
				FC3D9310D5752827DD3D8C0B /* IdolNullificationTests.swift in Sources */,
				6588210FEAEEB4108AD7AFC7 /* MockGameClient.swift in Sources */,
				DEFEFEA48DFBA0950729B94E /* MonogramTests.swift in Sources */,
				F40EE64682CCD8155BBBFB5B /* NarrationEventTests.swift in Sources */,
				29FAA0B0EA01182029E97275 /* NetworkingTests.swift in Sources */,
				DB4C1453CD6BBB7FE4C3E5F9 /* PlayingViewModelTests.swift in Sources */,
				20FD14DBF24F808CD34A8737 /* ServerConfigTests.swift in Sources */,
				15EEFDA7C68ED77AA46D5986 /* StateDecodingTests.swift in Sources */,
				78F742DBD5660E0BC1C74BE4 /* TribalViewModelTests.swift in Sources */,
				80ADA0F1AF6BB337EAAEEA65 /* UniversalLinkTests.swift in Sources */,
				C85B70696006F49D5A87DB82 /* ViewModelTests.swift in Sources */,
				DCE24B88D6FCD8EEFBEEB478 /* VoteBarScaleTests.swift in Sources */,
			);
			runOnlyForDeploymentPostprocessing = 0;
		};
		85D7FEC749336796032DB683 /* Sources */ = {
			isa = PBXSourcesBuildPhase;
			buildActionMask = 2147483647;
			files = (
				05554D711C3F74C7AEBB00CB /* APIClient.swift in Sources */,
				44AEA26C4E1C3310E5070CF2 /* AdvantagePlayView.swift in Sources */,
				77D28DFEABCEE13A61ED8B86 /* AllianceOverlay.swift in Sources */,
				08FFFDC00953A1BC3B3DDEED /* AppSettingsSheet.swift in Sources */,
				61E0CE8C1DEBEE8D2402A0CF /* CardAnimations.swift in Sources */,
				E6D6E0CF7829EEEEFAEAB3FA /* CardCatalog.swift in Sources */,
				2B479F1D3809B3EB62E06F44 /* CardDefinition.swift in Sources */,
				F4339C498EB09F44618E2802 /* CardDetailSheet.swift in Sources */,
				D3BAA67D02D882C81736470C /* CardHandView.swift in Sources */,
				C1E2FA6B3951FEDDC7D37147 /* CardHandViewModel.swift in Sources */,
				E09735FE39F74855129DBFE5 /* CardView.swift in Sources */,
				2DF321BF796FE6C7E5361888 /* ChallengeScreen.swift in Sources */,
				B84BACD6DBD1285101106F59 /* ChallengeState.swift in Sources */,
				43CA90BC5E4FBACEF5B53D48 /* ConnectionBanner.swift in Sources */,
				9C9B02BD119CE0A0AEA9186B /* ConnectionState.swift in Sources */,
				D59EFE81A04EAC42ECBE7AD7 /* ContentView.swift in Sources */,
				236A1DC06A3BD3051FC787B2 /* DiscordLinkSheet.swift in Sources */,
				4DAC014B2C200FDF5622B453 /* EliminationView.swift in Sources */,
				322C1630628F6ED6F828E5A1 /* FinalTribalScreen.swift in Sources */,
				4961C36697A5B34E8EA34135 /* FinalTribalState.swift in Sources */,
				B5C7A07069920F180EA34700 /* FinalTribalViewModel.swift in Sources */,
				63FB9311FDCAA0E0EBC3A8CF /* FlameEffects.swift in Sources */,
				796171B19E1C7D9B77015169 /* GameClient.swift in Sources */,
				470BDC0D64C08772A45A0D41 /* GameHistoryView.swift in Sources */,
				0881E7EE9556263D0213232A /* GamePhase.swift in Sources */,
				3FB7989815C9A7AFE7F7AF00 /* GameRecord.swift in Sources */,
				3120A09C199ED66D932E882C /* GameState.swift in Sources */,
				F46B39415372AF4A412FA05E /* HallOfFameView.swift in Sources */,
				7F92E4D565697CFBD7131AE2 /* HapticEngine.swift in Sources */,
				BA4BFAD2E4AB100F4000BA48 /* ImmunityView.swift in Sources */,
				A838EE2CB80C1A2F2C8E5B0C /* InteractionScreen.swift in Sources */,
				8E02DA709040646E6F0D1C2B /* InteractionState.swift in Sources */,
				B691CD023C8956BBF3B7D1E6 /* IslandAccessCookieStore.swift in Sources */,
				352A09ECE723366151C7DD04 /* IslandAccessScreen.swift in Sources */,
				DDD85C98F787B379FB3AC283 /* JuryVotingView.swift in Sources */,
				C576C0F88C387E636B7C4F7B /* LobbyScreen.swift in Sources */,
				8FA127114072649DF7470C51 /* LobbyViewModel.swift in Sources */,
				45E753766209CEB20911E795 /* NarrationEvent.swift in Sources */,
				440E22611B7632052C92CAB7 /* NarrationFeed.swift in Sources */,
				CB3F86D3EA1637655282DF74 /* NullifierWindowOverlay.swift in Sources */,
				35E1CF816FEECC7CAC4B7769 /* PenaltyDiscardOverlay.swift in Sources */,
				C2ECBD539232E1B216A34178 /* PhaseProgressView.swift in Sources */,
				865A288D747422539FEEC10B /* Place.swift in Sources */,
				1BBEDBAB7B8AE6904A8C284E /* PlacesBar.swift in Sources */,
				4DE93FA97429463B8E6D3B96 /* PlayerAvatarView.swift in Sources */,
				831A78BE075BAFEBAE637A73 /* PlayerDetailSheet.swift in Sources */,
				3177AF8B866EB61DE708A021 /* PlayerSetupView.swift in Sources */,
				DBC0D1C582276BEA9294C27D /* PlayerState.swift in Sources */,
				ECB10D498CD44DEA3A3894DA /* PlayerStatusBar.swift in Sources */,
				363E486B92D0F8ED41213292 /* PlayingScreen.swift in Sources */,
				D9EEC9D120C0D13389A3751E /* PlayingViewModel.swift in Sources */,
				AC36887BE6C5E1F847FCAE13 /* ReactiveTheftOverlay.swift in Sources */,
				1E8DEF4CC0B2EBEB3AC8C0A0 /* RobberyBanner.swift in Sources */,
				BEB59F9940D82979C9153A2C /* ServerConfig.swift in Sources */,
				F30C219F782CDB1413CB8D9D /* SocketClient.swift in Sources */,
				83EAAFA8BE7FE7FA7797BED6 /* StartScreen.swift in Sources */,
				41E5F07EB8990425AF7B7EEF /* StartViewModel.swift in Sources */,
				FD312F51894BB9E628FF785A /* StealTargetPicker.swift in Sources */,
				76E7B99479024C447BD3D6F8 /* StorySoFarDrawer.swift in Sources */,
				270F3BDFB4C49636A5453C66 /* SurvivorButton.swift in Sources */,
				17B3E69CDDBB66087B4A5957 /* SurvivorGameApp.swift in Sources */,
				ACDF94813CDD90BB6BBDD29C /* SurvivorTheme.swift in Sources */,
				F9C27661153509EA11A3AADB /* Theme.swift in Sources */,
				E3973CA9889CB019F1741306 /* TieBreakView.swift in Sources */,
				79CA9FDE5C2ACFF35DD7DD6A /* ToastView.swift in Sources */,
				A9AA72353E33B964C5E35FAB /* TorchAudio.swift in Sources */,
				A9337789DFF95D57581E077D /* TorchComponents.swift in Sources */,
				B918A86338CDCC406920D84B /* TorchTransitions.swift in Sources */,
				577D9E98A849DA3DFE397FD4 /* TribalScreen.swift in Sources */,
				DA5CA61FD9E6B322609D4926 /* TribalViewModel.swift in Sources */,
				34B108E89F1AC173438D7A93 /* TribalVoteState.swift in Sources */,
				B1E4E38E15E1EAA91EA2497A /* TurnIndicatorView.swift in Sources */,
				7F51E26189039550DBA6B666 /* ViewModelState.swift in Sources */,
				613C911D0175476A406DB6E5 /* VoteRevealView.swift in Sources */,
				66970C6962DCA3843B7D9FC6 /* VotingView.swift in Sources */,
				CC1BEF10DF3345DF2A29FE08 /* WinnerRevealView.swift in Sources */,
			);
			runOnlyForDeploymentPostprocessing = 0;
		};
		B2C671B00131343E0545BA46 /* Sources */ = {
			isa = PBXSourcesBuildPhase;
			buildActionMask = 2147483647;
			files = (
				39D455C463754822D13D3097 /* AuthenticationUITests.swift in Sources */,
				3D7A9908750FD004221479A1 /* ChallengeUITests.swift in Sources */,
				70469E5FCAC802E6B6C1F68D /* QASweepUITests.swift in Sources */,
				DE558378CD7688293000F9C8 /* RobberyBannerUITests.swift in Sources */,
				E21783CF7A7692B9182021E6 /* VisualAuditUITests.swift in Sources */,
			);
			runOnlyForDeploymentPostprocessing = 0;
		};
/* End PBXSourcesBuildPhase section */

/* Begin PBXTargetDependency section */
		0774F813D354CB6E94DA5806 /* PBXTargetDependency */ = {
			isa = PBXTargetDependency;
			target = E48DEC4251A0862B8DB82D7F /* SurvivorGame */;
			targetProxy = ABF6A610FEF676E3E68B65CB /* PBXContainerItemProxy */;
		};
		D0C00A10DE86D698E1462543 /* PBXTargetDependency */ = {
			isa = PBXTargetDependency;
			target = E48DEC4251A0862B8DB82D7F /* SurvivorGame */;
			targetProxy = F0C8431944DE8CED397B513C /* PBXContainerItemProxy */;
		};
/* End PBXTargetDependency section */

/* Begin XCBuildConfiguration section */
		5B1ADC465D5C02434EC40C0B /* Release */ = {
			isa = XCBuildConfiguration;
			buildSettings = {
				ASSETCATALOG_COMPILER_APPICON_NAME = AppIcon;
				CODE_SIGN_ENTITLEMENTS = SurvivorGame/SurvivorGame.entitlements;
				CODE_SIGN_IDENTITY = "iPhone Developer";
				CODE_SIGN_STYLE = Automatic;
				CURRENT_PROJECT_VERSION = 17;
				DEVELOPMENT_TEAM = M5H3893R7A;
				INFOPLIST_FILE = SurvivorGame/App/Info.plist;
				LD_RUNPATH_SEARCH_PATHS = (
					"$(inherited)",
					"@executable_path/Frameworks",
				);
				MARKETING_VERSION = 1.0;
				PRODUCT_BUNDLE_IDENTIFIER = mctech.SurvivorGame;
				SDKROOT = iphoneos;
				SWIFT_STRICT_CONCURRENCY = complete;
				SWIFT_VERSION = 6.0;
				TARGETED_DEVICE_FAMILY = "1,2";
			};
			name = Release;
		};
		7F1D245878E6A2273B7E507E /* Debug */ = {
			isa = XCBuildConfiguration;
			buildSettings = {
				BUNDLE_LOADER = "$(TEST_HOST)";
				DEVELOPMENT_TEAM = M5H3893R7A;
				GENERATE_INFOPLIST_FILE = YES;
				LD_RUNPATH_SEARCH_PATHS = (
					"$(inherited)",
					"@executable_path/Frameworks",
					"@loader_path/Frameworks",
				);
				PRODUCT_BUNDLE_IDENTIFIER = mctech.SurvivorGameUITests;
				SDKROOT = iphoneos;
				SWIFT_VERSION = 6.0;
				TARGETED_DEVICE_FAMILY = "1,2";
				TEST_TARGET_NAME = SurvivorGame;
			};
			name = Debug;
		};
		883DF53005C3D6A1FB0882CF /* Release */ = {
			isa = XCBuildConfiguration;
			buildSettings = {
				BUNDLE_LOADER = "$(TEST_HOST)";
				DEVELOPMENT_TEAM = M5H3893R7A;
				GENERATE_INFOPLIST_FILE = YES;
				LD_RUNPATH_SEARCH_PATHS = (
					"$(inherited)",
					"@executable_path/Frameworks",
					"@loader_path/Frameworks",
				);
				PRODUCT_BUNDLE_IDENTIFIER = mctech.SurvivorGameUITests;
				SDKROOT = iphoneos;
				SWIFT_VERSION = 6.0;
				TARGETED_DEVICE_FAMILY = "1,2";
				TEST_TARGET_NAME = SurvivorGame;
			};
			name = Release;
		};
		8FEA186F403A53BC38C0F0C7 /* Debug */ = {
			isa = XCBuildConfiguration;
			buildSettings = {
				ALWAYS_SEARCH_USER_PATHS = NO;
				CLANG_ANALYZER_NONNULL = YES;
				CLANG_ANALYZER_NUMBER_OBJECT_CONVERSION = YES_AGGRESSIVE;
				CLANG_CXX_LANGUAGE_STANDARD = "gnu++14";
				CLANG_CXX_LIBRARY = "libc++";
				CLANG_ENABLE_MODULES = YES;
				CLANG_ENABLE_OBJC_ARC = YES;
				CLANG_ENABLE_OBJC_WEAK = YES;
				CLANG_WARN_BLOCK_CAPTURE_AUTORELEASING = YES;
				CLANG_WARN_BOOL_CONVERSION = YES;
				CLANG_WARN_COMMA = YES;
				CLANG_WARN_CONSTANT_CONVERSION = YES;
				CLANG_WARN_DEPRECATED_OBJC_IMPLEMENTATIONS = YES;
				CLANG_WARN_DIRECT_OBJC_ISA_USAGE = YES_ERROR;
				CLANG_WARN_DOCUMENTATION_COMMENTS = YES;
				CLANG_WARN_EMPTY_BODY = YES;
				CLANG_WARN_ENUM_CONVERSION = YES;
				CLANG_WARN_INFINITE_RECURSION = YES;
				CLANG_WARN_INT_CONVERSION = YES;
				CLANG_WARN_NON_LITERAL_NULL_CONVERSION = YES;
				CLANG_WARN_OBJC_IMPLICIT_RETAIN_SELF = YES;
				CLANG_WARN_OBJC_LITERAL_CONVERSION = YES;
				CLANG_WARN_OBJC_ROOT_CLASS = YES_ERROR;
				CLANG_WARN_QUOTED_INCLUDE_IN_FRAMEWORK_HEADER = YES;
				CLANG_WARN_RANGE_LOOP_ANALYSIS = YES;
				CLANG_WARN_STRICT_PROTOTYPES = YES;
				CLANG_WARN_SUSPICIOUS_MOVE = YES;
				CLANG_WARN_UNGUARDED_AVAILABILITY = YES_AGGRESSIVE;
				CLANG_WARN_UNREACHABLE_CODE = YES;
				CLANG_WARN__DUPLICATE_METHOD_MATCH = YES;
				COPY_PHASE_STRIP = NO;
				DEBUG_INFORMATION_FORMAT = dwarf;
				ENABLE_STRICT_OBJC_MSGSEND = YES;
				ENABLE_TESTABILITY = YES;
				GCC_C_LANGUAGE_STANDARD = gnu11;
				GCC_DYNAMIC_NO_PIC = NO;
				GCC_NO_COMMON_BLOCKS = YES;
				GCC_OPTIMIZATION_LEVEL = 0;
				GCC_PREPROCESSOR_DEFINITIONS = (
					"$(inherited)",
					"DEBUG=1",
				);
				GCC_WARN_64_TO_32_BIT_CONVERSION = YES;
				GCC_WARN_ABOUT_RETURN_TYPE = YES_ERROR;
				GCC_WARN_UNDECLARED_SELECTOR = YES;
				GCC_WARN_UNINITIALIZED_AUTOS = YES_AGGRESSIVE;
				GCC_WARN_UNUSED_FUNCTION = YES;
				GCC_WARN_UNUSED_VARIABLE = YES;
				IPHONEOS_DEPLOYMENT_TARGET = 17.0;
				MTL_ENABLE_DEBUG_INFO = INCLUDE_SOURCE;
				MTL_FAST_MATH = YES;
				ONLY_ACTIVE_ARCH = YES;
				PRODUCT_NAME = "$(TARGET_NAME)";
				SDKROOT = iphoneos;
				SWIFT_ACTIVE_COMPILATION_CONDITIONS = DEBUG;
				SWIFT_OPTIMIZATION_LEVEL = "-Onone";
				SWIFT_VERSION = 5.0;
			};
			name = Debug;
		};
		9EA29F6CB328C03B9B5E863E /* Release */ = {
			isa = XCBuildConfiguration;
			buildSettings = {
				BUNDLE_LOADER = "$(TEST_HOST)";
				DEVELOPMENT_TEAM = M5H3893R7A;
				GENERATE_INFOPLIST_FILE = YES;
				LD_RUNPATH_SEARCH_PATHS = (
					"$(inherited)",
					"@executable_path/Frameworks",
					"@loader_path/Frameworks",
				);
				PRODUCT_BUNDLE_IDENTIFIER = mctech.SurvivorGameTests;
				SDKROOT = iphoneos;
				SWIFT_VERSION = 6.0;
				TARGETED_DEVICE_FAMILY = "1,2";
				TEST_HOST = "$(BUILT_PRODUCTS_DIR)/SurvivorGame.app/SurvivorGame";
			};
			name = Release;
		};
		CE994C1DA19DE645687DC90E /* Release */ = {
			isa = XCBuildConfiguration;
			buildSettings = {
				ALWAYS_SEARCH_USER_PATHS = NO;
				CLANG_ANALYZER_NONNULL = YES;
				CLANG_ANALYZER_NUMBER_OBJECT_CONVERSION = YES_AGGRESSIVE;
				CLANG_CXX_LANGUAGE_STANDARD = "gnu++14";
				CLANG_CXX_LIBRARY = "libc++";
				CLANG_ENABLE_MODULES = YES;
				CLANG_ENABLE_OBJC_ARC = YES;
				CLANG_ENABLE_OBJC_WEAK = YES;
				CLANG_WARN_BLOCK_CAPTURE_AUTORELEASING = YES;
				CLANG_WARN_BOOL_CONVERSION = YES;
				CLANG_WARN_COMMA = YES;
				CLANG_WARN_CONSTANT_CONVERSION = YES;
				CLANG_WARN_DEPRECATED_OBJC_IMPLEMENTATIONS = YES;
				CLANG_WARN_DIRECT_OBJC_ISA_USAGE = YES_ERROR;
				CLANG_WARN_DOCUMENTATION_COMMENTS = YES;
				CLANG_WARN_EMPTY_BODY = YES;
				CLANG_WARN_ENUM_CONVERSION = YES;
				CLANG_WARN_INFINITE_RECURSION = YES;
				CLANG_WARN_INT_CONVERSION = YES;
				CLANG_WARN_NON_LITERAL_NULL_CONVERSION = YES;
				CLANG_WARN_OBJC_IMPLICIT_RETAIN_SELF = YES;
				CLANG_WARN_OBJC_LITERAL_CONVERSION = YES;
				CLANG_WARN_OBJC_ROOT_CLASS = YES_ERROR;
				CLANG_WARN_QUOTED_INCLUDE_IN_FRAMEWORK_HEADER = YES;
				CLANG_WARN_RANGE_LOOP_ANALYSIS = YES;
				CLANG_WARN_STRICT_PROTOTYPES = YES;
				CLANG_WARN_SUSPICIOUS_MOVE = YES;
				CLANG_WARN_UNGUARDED_AVAILABILITY = YES_AGGRESSIVE;
				CLANG_WARN_UNREACHABLE_CODE = YES;
				CLANG_WARN__DUPLICATE_METHOD_MATCH = YES;
				COPY_PHASE_STRIP = NO;
				DEBUG_INFORMATION_FORMAT = "dwarf-with-dsym";
				ENABLE_NS_ASSERTIONS = NO;
				ENABLE_STRICT_OBJC_MSGSEND = YES;
				GCC_C_LANGUAGE_STANDARD = gnu11;
				GCC_NO_COMMON_BLOCKS = YES;
				GCC_WARN_64_TO_32_BIT_CONVERSION = YES;
				GCC_WARN_ABOUT_RETURN_TYPE = YES_ERROR;
				GCC_WARN_UNDECLARED_SELECTOR = YES;
				GCC_WARN_UNINITIALIZED_AUTOS = YES_AGGRESSIVE;
				GCC_WARN_UNUSED_FUNCTION = YES;
				GCC_WARN_UNUSED_VARIABLE = YES;
				IPHONEOS_DEPLOYMENT_TARGET = 17.0;
				MTL_ENABLE_DEBUG_INFO = NO;
				MTL_FAST_MATH = YES;
				PRODUCT_NAME = "$(TARGET_NAME)";
				SDKROOT = iphoneos;
				SWIFT_COMPILATION_MODE = wholemodule;
				SWIFT_OPTIMIZATION_LEVEL = "-O";
				SWIFT_VERSION = 5.0;
			};
			name = Release;
		};
		D7AB0BCCA81C9309211833F5 /* Debug */ = {
			isa = XCBuildConfiguration;
			buildSettings = {
				ASSETCATALOG_COMPILER_APPICON_NAME = AppIcon;
				CODE_SIGN_ENTITLEMENTS = SurvivorGame/SurvivorGame.entitlements;
				CODE_SIGN_IDENTITY = "iPhone Developer";
				CODE_SIGN_STYLE = Automatic;
				CURRENT_PROJECT_VERSION = 17;
				DEVELOPMENT_TEAM = M5H3893R7A;
				INFOPLIST_FILE = SurvivorGame/App/Info.plist;
				LD_RUNPATH_SEARCH_PATHS = (
					"$(inherited)",
					"@executable_path/Frameworks",
				);
				MARKETING_VERSION = 1.0;
				PRODUCT_BUNDLE_IDENTIFIER = mctech.SurvivorGame;
				SDKROOT = iphoneos;
				SWIFT_STRICT_CONCURRENCY = complete;
				SWIFT_VERSION = 6.0;
				TARGETED_DEVICE_FAMILY = "1,2";
			};
			name = Debug;
		};
		EFA30B4F905E84CFEDA00BB2 /* Debug */ = {
			isa = XCBuildConfiguration;
			buildSettings = {
				BUNDLE_LOADER = "$(TEST_HOST)";
				DEVELOPMENT_TEAM = M5H3893R7A;
				GENERATE_INFOPLIST_FILE = YES;
				LD_RUNPATH_SEARCH_PATHS = (
					"$(inherited)",
					"@executable_path/Frameworks",
					"@loader_path/Frameworks",
				);
				PRODUCT_BUNDLE_IDENTIFIER = mctech.SurvivorGameTests;
				SDKROOT = iphoneos;
				SWIFT_VERSION = 6.0;
				TARGETED_DEVICE_FAMILY = "1,2";
				TEST_HOST = "$(BUILT_PRODUCTS_DIR)/SurvivorGame.app/SurvivorGame";
			};
			name = Debug;
		};
/* End XCBuildConfiguration section */

/* Begin XCConfigurationList section */
		58B90C6A4AB57CD049053F00 /* Build configuration list for PBXProject "SurvivorGame" */ = {
			isa = XCConfigurationList;
			buildConfigurations = (
				8FEA186F403A53BC38C0F0C7 /* Debug */,
				CE994C1DA19DE645687DC90E /* Release */,
			);
			defaultConfigurationIsVisible = 0;
			defaultConfigurationName = Debug;
		};
		802563F7676BCEE5DFA9D247 /* Build configuration list for PBXNativeTarget "SurvivorGameTests" */ = {
			isa = XCConfigurationList;
			buildConfigurations = (
				EFA30B4F905E84CFEDA00BB2 /* Debug */,
				9EA29F6CB328C03B9B5E863E /* Release */,
			);
			defaultConfigurationIsVisible = 0;
			defaultConfigurationName = Debug;
		};
		9FE00632CA719B0EAAA40AA1 /* Build configuration list for PBXNativeTarget "SurvivorGameUITests" */ = {
			isa = XCConfigurationList;
			buildConfigurations = (
				7F1D245878E6A2273B7E507E /* Debug */,
				883DF53005C3D6A1FB0882CF /* Release */,
			);
			defaultConfigurationIsVisible = 0;
			defaultConfigurationName = Debug;
		};
		DC9A1583F45E8CC256E2FB16 /* Build configuration list for PBXNativeTarget "SurvivorGame" */ = {
			isa = XCConfigurationList;
			buildConfigurations = (
				D7AB0BCCA81C9309211833F5 /* Debug */,
				5B1ADC465D5C02434EC40C0B /* Release */,
			);
			defaultConfigurationIsVisible = 0;
			defaultConfigurationName = Debug;
		};
/* End XCConfigurationList section */

/* Begin XCRemoteSwiftPackageReference section */
		55A32B4B6668FF8BB5661C2D /* XCRemoteSwiftPackageReference "socket.io-client-swift" */ = {
			isa = XCRemoteSwiftPackageReference;
			repositoryURL = "https://github.com/socketio/socket.io-client-swift";
			requirement = {
				kind = upToNextMajorVersion;
				minimumVersion = 16.1.0;
			};
		};
/* End XCRemoteSwiftPackageReference section */

/* Begin XCSwiftPackageProductDependency section */
		846851F355576D48E3ABF7C8 /* SocketIO */ = {
			isa = XCSwiftPackageProductDependency;
			package = 55A32B4B6668FF8BB5661C2D /* XCRemoteSwiftPackageReference "socket.io-client-swift" */;
			productName = SocketIO;
		};
/* End XCSwiftPackageProductDependency section */
	};
	rootObject = B99960D0E7F67FB615F94D3B /* Project object */;
}
